<?xml version="1.0" encoding="utf-8"?>
<Project ToolsVersion="15.0" xmlns="http://schemas.microsoft.com/developer/msbuild/2003">
  <ItemGroup>
    <ClCompile Include="C:\Users\Hayden\Desktop\bullet3\bullet3-master\Extras\GIMPACTUtils\btGImpactConvexDecompositionShape.cpp">
      <Filter>Source Files</Filter>
    </ClCompile>
  </ItemGroup>
  <ItemGroup>
    <ClInclude Include="C:\Users\Hayden\Desktop\bullet3\bullet3-master\Extras\GIMPACTUtils\btGImpactConvexDecompositionShape.h">
      <Filter>Header Files</Filter>
    </ClInclude>
  </ItemGroup>
  <ItemGroup>
    <CustomBuild Include="C:\Users\Hayden\Desktop\bullet3\bullet3-master\Extras\GIMPACTUtils\CMakeLists.txt" />
  </ItemGroup>
  <ItemGroup>
    <Filter Include="Header Files">
      <UniqueIdentifier>{E666572D-0067-3E9E-AF6A-62DDF248A54D}</UniqueIdentifier>
    </Filter>
    <Filter Include="Source Files">
      <UniqueIdentifier>{33A863CA-140D-3B8E-A3F5-66F049D50F69}</UniqueIdentifier>
    </Filter>
  </ItemGroup>
</Project>
