Microsoft Visual Studio Solution File, Format Version 12.00
# Visual Studio 15
Project("{8BC9CEB8-8B4A-11D0-8D11-00A0C91BC942}") = "ALL_BUILD", "ALL_BUILD.vcxproj", "{14B6B698-C1D2-3B26-9F86-9EDA555F2B5C}"
	ProjectSection(ProjectDependencies) = postProject
		{8B0B5B41-3FF9-3D3D-A7E7-E9EAC2D3E6F0} = {8B0B5B41-3FF9-3D3D-A7E7-E9EAC2D3E6F0}
		{29E4EE63-C826-374E-8E90-BB9596EF74B1} = {29E4EE63-C826-374E-8E90-BB9596EF74B1}
		{9BED800B-E47E-3622-ABDB-2DCB24F7BD03} = {9BED800B-E47E-3622-ABDB-2DCB24F7BD03}
		{C3643366-4599-3A24-9D97-0396FE5ECEDA} = {C3643366-4599-3A24-9D97-0396FE5ECEDA}
		{CC9FEFE1-F063-3BEA-9FFD-2893F8F7AC44} = {CC9FEFE1-F063-3BEA-9FFD-2893F8F7AC44}
		{EFDC4A3C-C98F-3CF9-A383-64CA05674200} = {EFDC4A3C-C98F-3CF9-A383-64CA05674200}
		{77B2C5A5-AD97-33E8-B12D-DF42D061D4BD} = {77B2C5A5-AD97-33E8-B12D-DF42D061D4BD}
		{C5749F61-1952-3578-9DA4-B1BF1FADD1ED} = {C5749F61-1952-3578-9DA4-B1BF1FADD1ED}
		{9FDF5C38-73BF-37B5-8FD9-C63CB6999E58} = {9FDF5C38-73BF-37B5-8FD9-C63CB6999E58}
		{D14C2ACF-C6E8-3F75-81C1-DBA0BFA19207} = {D14C2ACF-C6E8-3F75-81C1-DBA0BFA19207}
		{DADBCB55-0DEB-3C0A-B9D2-C5261FEB5634} = {DADBCB55-0DEB-3C0A-B9D2-C5261FEB5634}
		{4010C6BC-9B9F-330A-BF91-7F71E36B3918} = {4010C6BC-9B9F-330A-BF91-7F71E36B3918}
		{2D2914D6-BF27-32F4-A64C-15CE3CF15793} = {2D2914D6-BF27-32F4-A64C-15CE3CF15793}
		{9321FEAF-B9C6-366D-B1BA-197D013584DC} = {9321FEAF-B9C6-366D-B1BA-197D013584DC}
		{D3539E98-183B-3363-9080-6A2DC139BC9C} = {D3539E98-183B-3363-9080-6A2DC139BC9C}
		{7975A39C-744F-36C0-BED4-ACB38E3796E2} = {7975A39C-744F-36C0-BED4-ACB38E3796E2}
		{F148BEED-DB2C-31E2-8B77-3BD56D16DB89} = {F148BEED-DB2C-31E2-8B77-3BD56D16DB89}
		{909302A3-0BDC-3210-81B6-FB0C5CF35A07} = {909302A3-0BDC-3210-81B6-FB0C5CF35A07}
		{E4FC7A6A-C5CF-3F25-A132-77835049154B} = {E4FC7A6A-C5CF-3F25-A132-77835049154B}
		{444CED19-BAB7-3D61-9E60-56F18BE3ABDB} = {444CED19-BAB7-3D61-9E60-56F18BE3ABDB}
		{5A92E689-6AD7-378F-B655-29958A610F60} = {5A92E689-6AD7-378F-B655-29958A610F60}
		{5BB6FF06-CE4D-3462-AAA7-3E2E6B9E00ED} = {5BB6FF06-CE4D-3462-AAA7-3E2E6B9E00ED}
		{3DF481D0-589D-376D-A8C3-6C1CC0F3F13F} = {3DF481D0-589D-376D-A8C3-6C1CC0F3F13F}
		{68286945-F88C-31B2-9DE5-1B8531539B0E} = {68286945-F88C-31B2-9DE5-1B8531539B0E}
		{F8B631DE-759B-312E-A971-B82A8BD60190} = {F8B631DE-759B-312E-A971-B82A8BD60190}
		{E935C977-1DAD-3D0E-ADB6-8B61D809F16E} = {E935C977-1DAD-3D0E-ADB6-8B61D809F16E}
		{1F122755-9AC7-3884-B718-0674F31FAABE} = {1F122755-9AC7-3884-B718-0674F31FAABE}
		{347E658A-16D3-3C45-BB0D-AFDD9417F50F} = {347E658A-16D3-3C45-BB0D-AFDD9417F50F}
		{540204B3-2D77-38A2-A944-CD2512A80206} = {540204B3-2D77-38A2-A944-CD2512A80206}
		{92E67B6F-C2A5-39DB-9DF5-479598341827} = {92E67B6F-C2A5-39DB-9DF5-479598341827}
		{6C14665C-402F-3328-921D-0C6975D4A976} = {6C14665C-402F-3328-921D-0C6975D4A976}
		{8EC394A9-E3F9-3A6F-843F-1E8AD263BA29} = {8EC394A9-E3F9-3A6F-843F-1E8AD263BA29}
		{D9AEE14E-9DE9-315D-BECF-E7351B129591} = {D9AEE14E-9DE9-315D-BECF-E7351B129591}
		{3C332C43-B69D-3606-B55E-747CF19470FA} = {3C332C43-B69D-3606-B55E-747CF19470FA}
		{34D2E6D9-7FD4-3693-A240-A17B45C42FA7} = {34D2E6D9-7FD4-3693-A240-A17B45C42FA7}
		{01982553-FF1C-3468-97F9-3CEFCC9AFE86} = {01982553-FF1C-3468-97F9-3CEFCC9AFE86}
		{A0A73DE1-34BA-3B93-89CA-E0FB8CE1C9D9} = {A0A73DE1-34BA-3B93-89CA-E0FB8CE1C9D9}
		{E9981529-EAEB-3CEE-BC40-3DE4787B6BD6} = {E9981529-EAEB-3CEE-BC40-3DE4787B6BD6}
		{36C44981-3BB2-3D73-BB21-C920C9777BE1} = {36C44981-3BB2-3D73-BB21-C920C9777BE1}
		{FA4F3B1D-4AEC-32A5-AE12-4BE7FF8289DC} = {FA4F3B1D-4AEC-32A5-AE12-4BE7FF8289DC}
		{31211178-F1CE-3FFE-9C4F-907D6BD71799} = {31211178-F1CE-3FFE-9C4F-907D6BD71799}
		{ED6A36AC-9CA0-3E28-99A6-22AECA1CC061} = {ED6A36AC-9CA0-3E28-99A6-22AECA1CC061}
		{0C59F8D5-8F8F-38A7-827B-5AA3789240E4} = {0C59F8D5-8F8F-38A7-827B-5AA3789240E4}
		{8A28DAD8-BAC4-3C29-B410-CB8131DB6994} = {8A28DAD8-BAC4-3C29-B410-CB8131DB6994}
		{7F2F0207-6B68-36A3-BC31-C70899FD5A89} = {7F2F0207-6B68-36A3-BC31-C70899FD5A89}
	EndProjectSection
EndProject
Project("{8BC9CEB8-8B4A-11D0-8D11-00A0C91BC942}") = "AppBasicExampleGui", "examples\BasicDemo\AppBasicExampleGui.vcxproj", "{8B0B5B41-3FF9-3D3D-A7E7-E9EAC2D3E6F0}"
	ProjectSection(ProjectDependencies) = postProject
		{D3539E98-183B-3363-9080-6A2DC139BC9C} = {D3539E98-183B-3363-9080-6A2DC139BC9C}
		{E4FC7A6A-C5CF-3F25-A132-77835049154B} = {E4FC7A6A-C5CF-3F25-A132-77835049154B}
		{444CED19-BAB7-3D61-9E60-56F18BE3ABDB} = {444CED19-BAB7-3D61-9E60-56F18BE3ABDB}
		{D9AEE14E-9DE9-315D-BECF-E7351B129591} = {D9AEE14E-9DE9-315D-BECF-E7351B129591}
		{3C332C43-B69D-3606-B55E-747CF19470FA} = {3C332C43-B69D-3606-B55E-747CF19470FA}
		{ED6A36AC-9CA0-3E28-99A6-22AECA1CC061} = {ED6A36AC-9CA0-3E28-99A6-22AECA1CC061}
	EndProjectSection
EndProject
Project("{8BC9CEB8-8B4A-11D0-8D11-00A0C91BC942}") = "App_BasicExample", "examples\BasicDemo\App_BasicExample.vcxproj", "{29E4EE63-C826-374E-8E90-BB9596EF74B1}"
	ProjectSection(ProjectDependencies) = postProject
		{E4FC7A6A-C5CF-3F25-A132-77835049154B} = {E4FC7A6A-C5CF-3F25-A132-77835049154B}
		{444CED19-BAB7-3D61-9E60-56F18BE3ABDB} = {444CED19-BAB7-3D61-9E60-56F18BE3ABDB}
		{D9AEE14E-9DE9-315D-BECF-E7351B129591} = {D9AEE14E-9DE9-315D-BECF-E7351B129591}
		{ED6A36AC-9CA0-3E28-99A6-22AECA1CC061} = {ED6A36AC-9CA0-3E28-99A6-22AECA1CC061}
	EndProjectSection
EndProject
Project("{8BC9CEB8-8B4A-11D0-8D11-00A0C91BC942}") = "App_ExampleBrowser", "examples\ExampleBrowser\App_ExampleBrowser.vcxproj", "{9BED800B-E47E-3622-ABDB-2DCB24F7BD03}"
	ProjectSection(ProjectDependencies) = postProject
		{D3539E98-183B-3363-9080-6A2DC139BC9C} = {D3539E98-183B-3363-9080-6A2DC139BC9C}
		{E4FC7A6A-C5CF-3F25-A132-77835049154B} = {E4FC7A6A-C5CF-3F25-A132-77835049154B}
		{444CED19-BAB7-3D61-9E60-56F18BE3ABDB} = {444CED19-BAB7-3D61-9E60-56F18BE3ABDB}
		{5A92E689-6AD7-378F-B655-29958A610F60} = {5A92E689-6AD7-378F-B655-29958A610F60}
		{3DF481D0-589D-376D-A8C3-6C1CC0F3F13F} = {3DF481D0-589D-376D-A8C3-6C1CC0F3F13F}
		{68286945-F88C-31B2-9DE5-1B8531539B0E} = {68286945-F88C-31B2-9DE5-1B8531539B0E}
		{E935C977-1DAD-3D0E-ADB6-8B61D809F16E} = {E935C977-1DAD-3D0E-ADB6-8B61D809F16E}
		{540204B3-2D77-38A2-A944-CD2512A80206} = {540204B3-2D77-38A2-A944-CD2512A80206}
		{D9AEE14E-9DE9-315D-BECF-E7351B129591} = {D9AEE14E-9DE9-315D-BECF-E7351B129591}
		{3C332C43-B69D-3606-B55E-747CF19470FA} = {3C332C43-B69D-3606-B55E-747CF19470FA}
		{ED6A36AC-9CA0-3E28-99A6-22AECA1CC061} = {ED6A36AC-9CA0-3E28-99A6-22AECA1CC061}
		{7F2F0207-6B68-36A3-BC31-C70899FD5A89} = {7F2F0207-6B68-36A3-BC31-C70899FD5A89}
	EndProjectSection
EndProject
Project("{8BC9CEB8-8B4A-11D0-8D11-00A0C91BC942}") = "App_HelloBulletRobotics", "examples\RobotSimulator\App_HelloBulletRobotics.vcxproj", "{C3643366-4599-3A24-9D97-0396FE5ECEDA}"
	ProjectSection(ProjectDependencies) = postProject
		{D3539E98-183B-3363-9080-6A2DC139BC9C} = {D3539E98-183B-3363-9080-6A2DC139BC9C}
		{E4FC7A6A-C5CF-3F25-A132-77835049154B} = {E4FC7A6A-C5CF-3F25-A132-77835049154B}
		{444CED19-BAB7-3D61-9E60-56F18BE3ABDB} = {444CED19-BAB7-3D61-9E60-56F18BE3ABDB}
		{5BB6FF06-CE4D-3462-AAA7-3E2E6B9E00ED} = {5BB6FF06-CE4D-3462-AAA7-3E2E6B9E00ED}
		{3DF481D0-589D-376D-A8C3-6C1CC0F3F13F} = {3DF481D0-589D-376D-A8C3-6C1CC0F3F13F}
		{68286945-F88C-31B2-9DE5-1B8531539B0E} = {68286945-F88C-31B2-9DE5-1B8531539B0E}
		{F8B631DE-759B-312E-A971-B82A8BD60190} = {F8B631DE-759B-312E-A971-B82A8BD60190}
		{E935C977-1DAD-3D0E-ADB6-8B61D809F16E} = {E935C977-1DAD-3D0E-ADB6-8B61D809F16E}
		{1F122755-9AC7-3884-B718-0674F31FAABE} = {1F122755-9AC7-3884-B718-0674F31FAABE}
		{D9AEE14E-9DE9-315D-BECF-E7351B129591} = {D9AEE14E-9DE9-315D-BECF-E7351B129591}
		{ED6A36AC-9CA0-3E28-99A6-22AECA1CC061} = {ED6A36AC-9CA0-3E28-99A6-22AECA1CC061}
	EndProjectSection
EndProject
Project("{8BC9CEB8-8B4A-11D0-8D11-00A0C91BC942}") = "App_HelloWorld", "examples\HelloWorld\App_HelloWorld.vcxproj", "{CC9FEFE1-F063-3BEA-9FFD-2893F8F7AC44}"
	ProjectSection(ProjectDependencies) = postProject
		{E4FC7A6A-C5CF-3F25-A132-77835049154B} = {E4FC7A6A-C5CF-3F25-A132-77835049154B}
		{444CED19-BAB7-3D61-9E60-56F18BE3ABDB} = {444CED19-BAB7-3D61-9E60-56F18BE3ABDB}
		{D9AEE14E-9DE9-315D-BECF-E7351B129591} = {D9AEE14E-9DE9-315D-BECF-E7351B129591}
		{ED6A36AC-9CA0-3E28-99A6-22AECA1CC061} = {ED6A36AC-9CA0-3E28-99A6-22AECA1CC061}
	EndProjectSection
EndProject
Project("{8BC9CEB8-8B4A-11D0-8D11-00A0C91BC942}") = "App_PhysicsServer_SharedMemory", "examples\SharedMemory\App_PhysicsServer_SharedMemory.vcxproj", "{EFDC4A3C-C98F-3CF9-A383-64CA05674200}"
	ProjectSection(ProjectDependencies) = postProject
		{D3539E98-183B-3363-9080-6A2DC139BC9C} = {D3539E98-183B-3363-9080-6A2DC139BC9C}
		{E4FC7A6A-C5CF-3F25-A132-77835049154B} = {E4FC7A6A-C5CF-3F25-A132-77835049154B}
		{444CED19-BAB7-3D61-9E60-56F18BE3ABDB} = {444CED19-BAB7-3D61-9E60-56F18BE3ABDB}
		{5BB6FF06-CE4D-3462-AAA7-3E2E6B9E00ED} = {5BB6FF06-CE4D-3462-AAA7-3E2E6B9E00ED}
		{3DF481D0-589D-376D-A8C3-6C1CC0F3F13F} = {3DF481D0-589D-376D-A8C3-6C1CC0F3F13F}
		{68286945-F88C-31B2-9DE5-1B8531539B0E} = {68286945-F88C-31B2-9DE5-1B8531539B0E}
		{E935C977-1DAD-3D0E-ADB6-8B61D809F16E} = {E935C977-1DAD-3D0E-ADB6-8B61D809F16E}
		{1F122755-9AC7-3884-B718-0674F31FAABE} = {1F122755-9AC7-3884-B718-0674F31FAABE}
		{540204B3-2D77-38A2-A944-CD2512A80206} = {540204B3-2D77-38A2-A944-CD2512A80206}
		{D9AEE14E-9DE9-315D-BECF-E7351B129591} = {D9AEE14E-9DE9-315D-BECF-E7351B129591}
		{ED6A36AC-9CA0-3E28-99A6-22AECA1CC061} = {ED6A36AC-9CA0-3E28-99A6-22AECA1CC061}
	EndProjectSection
EndProject
Project("{8BC9CEB8-8B4A-11D0-8D11-00A0C91BC942}") = "App_PhysicsServer_SharedMemory_GUI", "examples\SharedMemory\App_PhysicsServer_SharedMemory_GUI.vcxproj", "{77B2C5A5-AD97-33E8-B12D-DF42D061D4BD}"
	ProjectSection(ProjectDependencies) = postProject
		{D3539E98-183B-3363-9080-6A2DC139BC9C} = {D3539E98-183B-3363-9080-6A2DC139BC9C}
		{E4FC7A6A-C5CF-3F25-A132-77835049154B} = {E4FC7A6A-C5CF-3F25-A132-77835049154B}
		{444CED19-BAB7-3D61-9E60-56F18BE3ABDB} = {444CED19-BAB7-3D61-9E60-56F18BE3ABDB}
		{5BB6FF06-CE4D-3462-AAA7-3E2E6B9E00ED} = {5BB6FF06-CE4D-3462-AAA7-3E2E6B9E00ED}
		{3DF481D0-589D-376D-A8C3-6C1CC0F3F13F} = {3DF481D0-589D-376D-A8C3-6C1CC0F3F13F}
		{68286945-F88C-31B2-9DE5-1B8531539B0E} = {68286945-F88C-31B2-9DE5-1B8531539B0E}
		{E935C977-1DAD-3D0E-ADB6-8B61D809F16E} = {E935C977-1DAD-3D0E-ADB6-8B61D809F16E}
		{1F122755-9AC7-3884-B718-0674F31FAABE} = {1F122755-9AC7-3884-B718-0674F31FAABE}
		{540204B3-2D77-38A2-A944-CD2512A80206} = {540204B3-2D77-38A2-A944-CD2512A80206}
		{D9AEE14E-9DE9-315D-BECF-E7351B129591} = {D9AEE14E-9DE9-315D-BECF-E7351B129591}
		{3C332C43-B69D-3606-B55E-747CF19470FA} = {3C332C43-B69D-3606-B55E-747CF19470FA}
		{ED6A36AC-9CA0-3E28-99A6-22AECA1CC061} = {ED6A36AC-9CA0-3E28-99A6-22AECA1CC061}
	EndProjectSection
EndProject
Project("{8BC9CEB8-8B4A-11D0-8D11-00A0C91BC942}") = "App_PhysicsServer_SharedMemory_VR", "examples\SharedMemory\App_PhysicsServer_SharedMemory_VR.vcxproj", "{C5749F61-1952-3578-9DA4-B1BF1FADD1ED}"
	ProjectSection(ProjectDependencies) = postProject
		{D3539E98-183B-3363-9080-6A2DC139BC9C} = {D3539E98-183B-3363-9080-6A2DC139BC9C}
		{E4FC7A6A-C5CF-3F25-A132-77835049154B} = {E4FC7A6A-C5CF-3F25-A132-77835049154B}
		{444CED19-BAB7-3D61-9E60-56F18BE3ABDB} = {444CED19-BAB7-3D61-9E60-56F18BE3ABDB}
		{5BB6FF06-CE4D-3462-AAA7-3E2E6B9E00ED} = {5BB6FF06-CE4D-3462-AAA7-3E2E6B9E00ED}
		{3DF481D0-589D-376D-A8C3-6C1CC0F3F13F} = {3DF481D0-589D-376D-A8C3-6C1CC0F3F13F}
		{68286945-F88C-31B2-9DE5-1B8531539B0E} = {68286945-F88C-31B2-9DE5-1B8531539B0E}
		{E935C977-1DAD-3D0E-ADB6-8B61D809F16E} = {E935C977-1DAD-3D0E-ADB6-8B61D809F16E}
		{1F122755-9AC7-3884-B718-0674F31FAABE} = {1F122755-9AC7-3884-B718-0674F31FAABE}
		{540204B3-2D77-38A2-A944-CD2512A80206} = {540204B3-2D77-38A2-A944-CD2512A80206}
		{D9AEE14E-9DE9-315D-BECF-E7351B129591} = {D9AEE14E-9DE9-315D-BECF-E7351B129591}
		{3C332C43-B69D-3606-B55E-747CF19470FA} = {3C332C43-B69D-3606-B55E-747CF19470FA}
		{ED6A36AC-9CA0-3E28-99A6-22AECA1CC061} = {ED6A36AC-9CA0-3E28-99A6-22AECA1CC061}
	EndProjectSection
EndProject
Project("{8BC9CEB8-8B4A-11D0-8D11-00A0C91BC942}") = "App_RobotSimulator", "examples\RobotSimulator\App_RobotSimulator.vcxproj", "{9FDF5C38-73BF-37B5-8FD9-C63CB6999E58}"
	ProjectSection(ProjectDependencies) = postProject
		{D3539E98-183B-3363-9080-6A2DC139BC9C} = {D3539E98-183B-3363-9080-6A2DC139BC9C}
		{E4FC7A6A-C5CF-3F25-A132-77835049154B} = {E4FC7A6A-C5CF-3F25-A132-77835049154B}
		{444CED19-BAB7-3D61-9E60-56F18BE3ABDB} = {444CED19-BAB7-3D61-9E60-56F18BE3ABDB}
		{5A92E689-6AD7-378F-B655-29958A610F60} = {5A92E689-6AD7-378F-B655-29958A610F60}
		{5BB6FF06-CE4D-3462-AAA7-3E2E6B9E00ED} = {5BB6FF06-CE4D-3462-AAA7-3E2E6B9E00ED}
		{3DF481D0-589D-376D-A8C3-6C1CC0F3F13F} = {3DF481D0-589D-376D-A8C3-6C1CC0F3F13F}
		{68286945-F88C-31B2-9DE5-1B8531539B0E} = {68286945-F88C-31B2-9DE5-1B8531539B0E}
		{F8B631DE-759B-312E-A971-B82A8BD60190} = {F8B631DE-759B-312E-A971-B82A8BD60190}
		{E935C977-1DAD-3D0E-ADB6-8B61D809F16E} = {E935C977-1DAD-3D0E-ADB6-8B61D809F16E}
		{1F122755-9AC7-3884-B718-0674F31FAABE} = {1F122755-9AC7-3884-B718-0674F31FAABE}
		{D9AEE14E-9DE9-315D-BECF-E7351B129591} = {D9AEE14E-9DE9-315D-BECF-E7351B129591}
		{3C332C43-B69D-3606-B55E-747CF19470FA} = {3C332C43-B69D-3606-B55E-747CF19470FA}
		{ED6A36AC-9CA0-3E28-99A6-22AECA1CC061} = {ED6A36AC-9CA0-3E28-99A6-22AECA1CC061}
		{7F2F0207-6B68-36A3-BC31-C70899FD5A89} = {7F2F0207-6B68-36A3-BC31-C70899FD5A89}
	EndProjectSection
EndProject
Project("{8BC9CEB8-8B4A-11D0-8D11-00A0C91BC942}") = "App_RobotSimulator_NoGUI", "examples\RobotSimulator\App_RobotSimulator_NoGUI.vcxproj", "{D14C2ACF-C6E8-3F75-81C1-DBA0BFA19207}"
	ProjectSection(ProjectDependencies) = postProject
		{D3539E98-183B-3363-9080-6A2DC139BC9C} = {D3539E98-183B-3363-9080-6A2DC139BC9C}
		{E4FC7A6A-C5CF-3F25-A132-77835049154B} = {E4FC7A6A-C5CF-3F25-A132-77835049154B}
		{444CED19-BAB7-3D61-9E60-56F18BE3ABDB} = {444CED19-BAB7-3D61-9E60-56F18BE3ABDB}
		{5BB6FF06-CE4D-3462-AAA7-3E2E6B9E00ED} = {5BB6FF06-CE4D-3462-AAA7-3E2E6B9E00ED}
		{3DF481D0-589D-376D-A8C3-6C1CC0F3F13F} = {3DF481D0-589D-376D-A8C3-6C1CC0F3F13F}
		{68286945-F88C-31B2-9DE5-1B8531539B0E} = {68286945-F88C-31B2-9DE5-1B8531539B0E}
		{F8B631DE-759B-312E-A971-B82A8BD60190} = {F8B631DE-759B-312E-A971-B82A8BD60190}
		{E935C977-1DAD-3D0E-ADB6-8B61D809F16E} = {E935C977-1DAD-3D0E-ADB6-8B61D809F16E}
		{1F122755-9AC7-3884-B718-0674F31FAABE} = {1F122755-9AC7-3884-B718-0674F31FAABE}
		{D9AEE14E-9DE9-315D-BECF-E7351B129591} = {D9AEE14E-9DE9-315D-BECF-E7351B129591}
		{ED6A36AC-9CA0-3E28-99A6-22AECA1CC061} = {ED6A36AC-9CA0-3E28-99A6-22AECA1CC061}
	EndProjectSection
EndProject
Project("{8BC9CEB8-8B4A-11D0-8D11-00A0C91BC942}") = "App_TwoJoint", "examples\TwoJoint\App_TwoJoint.vcxproj", "{DADBCB55-0DEB-3C0A-B9D2-C5261FEB5634}"
	ProjectSection(ProjectDependencies) = postProject
		{D3539E98-183B-3363-9080-6A2DC139BC9C} = {D3539E98-183B-3363-9080-6A2DC139BC9C}
		{E4FC7A6A-C5CF-3F25-A132-77835049154B} = {E4FC7A6A-C5CF-3F25-A132-77835049154B}
		{444CED19-BAB7-3D61-9E60-56F18BE3ABDB} = {444CED19-BAB7-3D61-9E60-56F18BE3ABDB}
		{5A92E689-6AD7-378F-B655-29958A610F60} = {5A92E689-6AD7-378F-B655-29958A610F60}
		{5BB6FF06-CE4D-3462-AAA7-3E2E6B9E00ED} = {5BB6FF06-CE4D-3462-AAA7-3E2E6B9E00ED}
		{3DF481D0-589D-376D-A8C3-6C1CC0F3F13F} = {3DF481D0-589D-376D-A8C3-6C1CC0F3F13F}
		{68286945-F88C-31B2-9DE5-1B8531539B0E} = {68286945-F88C-31B2-9DE5-1B8531539B0E}
		{E935C977-1DAD-3D0E-ADB6-8B61D809F16E} = {E935C977-1DAD-3D0E-ADB6-8B61D809F16E}
		{1F122755-9AC7-3884-B718-0674F31FAABE} = {1F122755-9AC7-3884-B718-0674F31FAABE}
		{540204B3-2D77-38A2-A944-CD2512A80206} = {540204B3-2D77-38A2-A944-CD2512A80206}
		{D9AEE14E-9DE9-315D-BECF-E7351B129591} = {D9AEE14E-9DE9-315D-BECF-E7351B129591}
		{3C332C43-B69D-3606-B55E-747CF19470FA} = {3C332C43-B69D-3606-B55E-747CF19470FA}
		{ED6A36AC-9CA0-3E28-99A6-22AECA1CC061} = {ED6A36AC-9CA0-3E28-99A6-22AECA1CC061}
		{7F2F0207-6B68-36A3-BC31-C70899FD5A89} = {7F2F0207-6B68-36A3-BC31-C70899FD5A89}
	EndProjectSection
EndProject
Project("{8BC9CEB8-8B4A-11D0-8D11-00A0C91BC942}") = "App_obj2sdf", "Extras\obj2sdf\App_obj2sdf.vcxproj", "{4010C6BC-9B9F-330A-BF91-7F71E36B3918}"
	ProjectSection(ProjectDependencies) = postProject
		{D3539E98-183B-3363-9080-6A2DC139BC9C} = {D3539E98-183B-3363-9080-6A2DC139BC9C}
		{ED6A36AC-9CA0-3E28-99A6-22AECA1CC061} = {ED6A36AC-9CA0-3E28-99A6-22AECA1CC061}
	EndProjectSection
EndProject
Project("{8BC9CEB8-8B4A-11D0-8D11-00A0C91BC942}") = "Bullet2FileLoader", "src\Bullet3Serialize\Bullet2FileLoader\Bullet2FileLoader.vcxproj", "{2D2914D6-BF27-32F4-A64C-15CE3CF15793}"
	ProjectSection(ProjectDependencies) = postProject
		{ED6A36AC-9CA0-3E28-99A6-22AECA1CC061} = {ED6A36AC-9CA0-3E28-99A6-22AECA1CC061}
	EndProjectSection
EndProject
Project("{8BC9CEB8-8B4A-11D0-8D11-00A0C91BC942}") = "Bullet3Collision", "src\Bullet3Collision\Bullet3Collision.vcxproj", "{9321FEAF-B9C6-366D-B1BA-197D013584DC}"
	ProjectSection(ProjectDependencies) = postProject
		{ED6A36AC-9CA0-3E28-99A6-22AECA1CC061} = {ED6A36AC-9CA0-3E28-99A6-22AECA1CC061}
	EndProjectSection
EndProject
Project("{8BC9CEB8-8B4A-11D0-8D11-00A0C91BC942}") = "Bullet3Common", "src\Bullet3Common\Bullet3Common.vcxproj", "{D3539E98-183B-3363-9080-6A2DC139BC9C}"
	ProjectSection(ProjectDependencies) = postProject
		{ED6A36AC-9CA0-3E28-99A6-22AECA1CC061} = {ED6A36AC-9CA0-3E28-99A6-22AECA1CC061}
	EndProjectSection
EndProject
Project("{8BC9CEB8-8B4A-11D0-8D11-00A0C91BC942}") = "Bullet3Dynamics", "src\Bullet3Dynamics\Bullet3Dynamics.vcxproj", "{7975A39C-744F-36C0-BED4-ACB38E3796E2}"
	ProjectSection(ProjectDependencies) = postProject
		{ED6A36AC-9CA0-3E28-99A6-22AECA1CC061} = {ED6A36AC-9CA0-3E28-99A6-22AECA1CC061}
	EndProjectSection
EndProject
Project("{8BC9CEB8-8B4A-11D0-8D11-00A0C91BC942}") = "Bullet3Geometry", "src\Bullet3Geometry\Bullet3Geometry.vcxproj", "{F148BEED-DB2C-31E2-8B77-3BD56D16DB89}"
	ProjectSection(ProjectDependencies) = postProject
		{ED6A36AC-9CA0-3E28-99A6-22AECA1CC061} = {ED6A36AC-9CA0-3E28-99A6-22AECA1CC061}
	EndProjectSection
EndProject
Project("{8BC9CEB8-8B4A-11D0-8D11-00A0C91BC942}") = "Bullet3OpenCL_clew", "src\Bullet3OpenCL\Bullet3OpenCL_clew.vcxproj", "{909302A3-0BDC-3210-81B6-FB0C5CF35A07}"
	ProjectSection(ProjectDependencies) = postProject
		{ED6A36AC-9CA0-3E28-99A6-22AECA1CC061} = {ED6A36AC-9CA0-3E28-99A6-22AECA1CC061}
	EndProjectSection
EndProject
Project("{8BC9CEB8-8B4A-11D0-8D11-00A0C91BC942}") = "BulletCollision", "src\BulletCollision\BulletCollision.vcxproj", "{E4FC7A6A-C5CF-3F25-A132-77835049154B}"
	ProjectSection(ProjectDependencies) = postProject
		{ED6A36AC-9CA0-3E28-99A6-22AECA1CC061} = {ED6A36AC-9CA0-3E28-99A6-22AECA1CC061}
	EndProjectSection
EndProject
Project("{8BC9CEB8-8B4A-11D0-8D11-00A0C91BC942}") = "BulletDynamics", "src\BulletDynamics\BulletDynamics.vcxproj", "{444CED19-BAB7-3D61-9E60-56F18BE3ABDB}"
	ProjectSection(ProjectDependencies) = postProject
		{ED6A36AC-9CA0-3E28-99A6-22AECA1CC061} = {ED6A36AC-9CA0-3E28-99A6-22AECA1CC061}
	EndProjectSection
EndProject
Project("{8BC9CEB8-8B4A-11D0-8D11-00A0C91BC942}") = "BulletExampleBrowserLib", "examples\ExampleBrowser\BulletExampleBrowserLib.vcxproj", "{5A92E689-6AD7-378F-B655-29958A610F60}"
	ProjectSection(ProjectDependencies) = postProject
		{ED6A36AC-9CA0-3E28-99A6-22AECA1CC061} = {ED6A36AC-9CA0-3E28-99A6-22AECA1CC061}
	EndProjectSection
EndProject
Project("{8BC9CEB8-8B4A-11D0-8D11-00A0C91BC942}") = "BulletFileLoader", "Extras\Serialize\BulletFileLoader\BulletFileLoader.vcxproj", "{5BB6FF06-CE4D-3462-AAA7-3E2E6B9E00ED}"
	ProjectSection(ProjectDependencies) = postProject
		{ED6A36AC-9CA0-3E28-99A6-22AECA1CC061} = {ED6A36AC-9CA0-3E28-99A6-22AECA1CC061}
	EndProjectSection
EndProject
Project("{8BC9CEB8-8B4A-11D0-8D11-00A0C91BC942}") = "BulletInverseDynamics", "src\BulletInverseDynamics\BulletInverseDynamics.vcxproj", "{3DF481D0-589D-376D-A8C3-6C1CC0F3F13F}"
	ProjectSection(ProjectDependencies) = postProject
		{ED6A36AC-9CA0-3E28-99A6-22AECA1CC061} = {ED6A36AC-9CA0-3E28-99A6-22AECA1CC061}
	EndProjectSection
EndProject
Project("{8BC9CEB8-8B4A-11D0-8D11-00A0C91BC942}") = "BulletInverseDynamicsUtils", "Extras\InverseDynamics\BulletInverseDynamicsUtils.vcxproj", "{68286945-F88C-31B2-9DE5-1B8531539B0E}"
	ProjectSection(ProjectDependencies) = postProject
		{ED6A36AC-9CA0-3E28-99A6-22AECA1CC061} = {ED6A36AC-9CA0-3E28-99A6-22AECA1CC061}
	EndProjectSection
EndProject
Project("{8BC9CEB8-8B4A-11D0-8D11-00A0C91BC942}") = "BulletRobotics", "Extras\BulletRobotics\BulletRobotics.vcxproj", "{F8B631DE-759B-312E-A971-B82A8BD60190}"
	ProjectSection(ProjectDependencies) = postProject
		{ED6A36AC-9CA0-3E28-99A6-22AECA1CC061} = {ED6A36AC-9CA0-3E28-99A6-22AECA1CC061}
	EndProjectSection
EndProject
Project("{8BC9CEB8-8B4A-11D0-8D11-00A0C91BC942}") = "BulletSoftBody", "src\BulletSoftBody\BulletSoftBody.vcxproj", "{E935C977-1DAD-3D0E-ADB6-8B61D809F16E}"
	ProjectSection(ProjectDependencies) = postProject
		{ED6A36AC-9CA0-3E28-99A6-22AECA1CC061} = {ED6A36AC-9CA0-3E28-99A6-22AECA1CC061}
	EndProjectSection
EndProject
Project("{8BC9CEB8-8B4A-11D0-8D11-00A0C91BC942}") = "BulletWorldImporter", "Extras\Serialize\BulletWorldImporter\BulletWorldImporter.vcxproj", "{1F122755-9AC7-3884-B718-0674F31FAABE}"
	ProjectSection(ProjectDependencies) = postProject
		{ED6A36AC-9CA0-3E28-99A6-22AECA1CC061} = {ED6A36AC-9CA0-3E28-99A6-22AECA1CC061}
	EndProjectSection
EndProject
Project("{8BC9CEB8-8B4A-11D0-8D11-00A0C91BC942}") = "BulletXmlWorldImporter", "Extras\Serialize\BulletXmlWorldImporter\BulletXmlWorldImporter.vcxproj", "{347E658A-16D3-3C45-BB0D-AFDD9417F50F}"
	ProjectSection(ProjectDependencies) = postProject
		{ED6A36AC-9CA0-3E28-99A6-22AECA1CC061} = {ED6A36AC-9CA0-3E28-99A6-22AECA1CC061}
	EndProjectSection
EndProject
Project("{8BC9CEB8-8B4A-11D0-8D11-00A0C91BC942}") = "BussIK", "examples\ThirdPartyLibs\BussIK\BussIK.vcxproj", "{540204B3-2D77-38A2-A944-CD2512A80206}"
	ProjectSection(ProjectDependencies) = postProject
		{ED6A36AC-9CA0-3E28-99A6-22AECA1CC061} = {ED6A36AC-9CA0-3E28-99A6-22AECA1CC061}
	EndProjectSection
EndProject
Project("{8BC9CEB8-8B4A-11D0-8D11-00A0C91BC942}") = "ConvexDecomposition", "Extras\ConvexDecomposition\ConvexDecomposition.vcxproj", "{92E67B6F-C2A5-39DB-9DF5-479598341827}"
	ProjectSection(ProjectDependencies) = postProject
		{ED6A36AC-9CA0-3E28-99A6-22AECA1CC061} = {ED6A36AC-9CA0-3E28-99A6-22AECA1CC061}
	EndProjectSection
EndProject
Project("{8BC9CEB8-8B4A-11D0-8D11-00A0C91BC942}") = "GIMPACTUtils", "Extras\GIMPACTUtils\GIMPACTUtils.vcxproj", "{6C14665C-402F-3328-921D-0C6975D4A976}"
	ProjectSection(ProjectDependencies) = postProject
		{ED6A36AC-9CA0-3E28-99A6-22AECA1CC061} = {ED6A36AC-9CA0-3E28-99A6-22AECA1CC061}
	EndProjectSection
EndProject
Project("{8BC9CEB8-8B4A-11D0-8D11-00A0C91BC942}") = "HACD", "Extras\HACD\HACD.vcxproj", "{8EC394A9-E3F9-3A6F-843F-1E8AD263BA29}"
	ProjectSection(ProjectDependencies) = postProject
		{ED6A36AC-9CA0-3E28-99A6-22AECA1CC061} = {ED6A36AC-9CA0-3E28-99A6-22AECA1CC061}
	EndProjectSection
EndProject
Project("{8BC9CEB8-8B4A-11D0-8D11-00A0C91BC942}") = "INSTALL", "INSTALL.vcxproj", "{E2E4ED83-607A-3588-A46B-FD5D389329D5}"
	ProjectSection(ProjectDependencies) = postProject
		{14B6B698-C1D2-3B26-9F86-9EDA555F2B5C} = {14B6B698-C1D2-3B26-9F86-9EDA555F2B5C}
		{ED6A36AC-9CA0-3E28-99A6-22AECA1CC061} = {ED6A36AC-9CA0-3E28-99A6-22AECA1CC061}
	EndProjectSection
EndProject
Project("{8BC9CEB8-8B4A-11D0-8D11-00A0C91BC942}") = "LinearMath", "src\LinearMath\LinearMath.vcxproj", "{D9AEE14E-9DE9-315D-BECF-E7351B129591}"
	ProjectSection(ProjectDependencies) = postProject
		{ED6A36AC-9CA0-3E28-99A6-22AECA1CC061} = {ED6A36AC-9CA0-3E28-99A6-22AECA1CC061}
	EndProjectSection
EndProject
Project("{8BC9CEB8-8B4A-11D0-8D11-00A0C91BC942}") = "OpenGLWindow", "examples\OpenGLWindow\OpenGLWindow.vcxproj", "{3C332C43-B69D-3606-B55E-747CF19470FA}"
	ProjectSection(ProjectDependencies) = postProject
		{ED6A36AC-9CA0-3E28-99A6-22AECA1CC061} = {ED6A36AC-9CA0-3E28-99A6-22AECA1CC061}
	EndProjectSection
EndProject
Project("{8BC9CEB8-8B4A-11D0-8D11-00A0C91BC942}") = "RUN_TESTS", "RUN_TESTS.vcxproj", "{14BB39DA-E7DE-3813-8D08-8949058AB70E}"
	ProjectSection(ProjectDependencies) = postProject
		{ED6A36AC-9CA0-3E28-99A6-22AECA1CC061} = {ED6A36AC-9CA0-3E28-99A6-22AECA1CC061}
	EndProjectSection
EndProject
Project("{8BC9CEB8-8B4A-11D0-8D11-00A0C91BC942}") = "Test_BulletDynamics", "test\BulletDynamics\pendulum\Test_BulletDynamics.vcxproj", "{34D2E6D9-7FD4-3693-A240-A17B45C42FA7}"
	ProjectSection(ProjectDependencies) = postProject
		{E4FC7A6A-C5CF-3F25-A132-77835049154B} = {E4FC7A6A-C5CF-3F25-A132-77835049154B}
		{444CED19-BAB7-3D61-9E60-56F18BE3ABDB} = {444CED19-BAB7-3D61-9E60-56F18BE3ABDB}
		{D9AEE14E-9DE9-315D-BECF-E7351B129591} = {D9AEE14E-9DE9-315D-BECF-E7351B129591}
		{ED6A36AC-9CA0-3E28-99A6-22AECA1CC061} = {ED6A36AC-9CA0-3E28-99A6-22AECA1CC061}
		{8A28DAD8-BAC4-3C29-B410-CB8131DB6994} = {8A28DAD8-BAC4-3C29-B410-CB8131DB6994}
	EndProjectSection
EndProject
Project("{8BC9CEB8-8B4A-11D0-8D11-00A0C91BC942}") = "Test_BulletInverseDynamics", "test\InverseDynamics\Test_BulletInverseDynamics.vcxproj", "{01982553-FF1C-3468-97F9-3CEFCC9AFE86}"
	ProjectSection(ProjectDependencies) = postProject
		{D3539E98-183B-3363-9080-6A2DC139BC9C} = {D3539E98-183B-3363-9080-6A2DC139BC9C}
		{E4FC7A6A-C5CF-3F25-A132-77835049154B} = {E4FC7A6A-C5CF-3F25-A132-77835049154B}
		{444CED19-BAB7-3D61-9E60-56F18BE3ABDB} = {444CED19-BAB7-3D61-9E60-56F18BE3ABDB}
		{3DF481D0-589D-376D-A8C3-6C1CC0F3F13F} = {3DF481D0-589D-376D-A8C3-6C1CC0F3F13F}
		{68286945-F88C-31B2-9DE5-1B8531539B0E} = {68286945-F88C-31B2-9DE5-1B8531539B0E}
		{D9AEE14E-9DE9-315D-BECF-E7351B129591} = {D9AEE14E-9DE9-315D-BECF-E7351B129591}
		{ED6A36AC-9CA0-3E28-99A6-22AECA1CC061} = {ED6A36AC-9CA0-3E28-99A6-22AECA1CC061}
		{8A28DAD8-BAC4-3C29-B410-CB8131DB6994} = {8A28DAD8-BAC4-3C29-B410-CB8131DB6994}
	EndProjectSection
EndProject
Project("{8BC9CEB8-8B4A-11D0-8D11-00A0C91BC942}") = "Test_BulletInverseDynamicsJacobian", "test\InverseDynamics\Test_BulletInverseDynamicsJacobian.vcxproj", "{A0A73DE1-34BA-3B93-89CA-E0FB8CE1C9D9}"
	ProjectSection(ProjectDependencies) = postProject
		{D3539E98-183B-3363-9080-6A2DC139BC9C} = {D3539E98-183B-3363-9080-6A2DC139BC9C}
		{3DF481D0-589D-376D-A8C3-6C1CC0F3F13F} = {3DF481D0-589D-376D-A8C3-6C1CC0F3F13F}
		{68286945-F88C-31B2-9DE5-1B8531539B0E} = {68286945-F88C-31B2-9DE5-1B8531539B0E}
		{D9AEE14E-9DE9-315D-BECF-E7351B129591} = {D9AEE14E-9DE9-315D-BECF-E7351B129591}
		{ED6A36AC-9CA0-3E28-99A6-22AECA1CC061} = {ED6A36AC-9CA0-3E28-99A6-22AECA1CC061}
		{8A28DAD8-BAC4-3C29-B410-CB8131DB6994} = {8A28DAD8-BAC4-3C29-B410-CB8131DB6994}
	EndProjectSection
EndProject
Project("{8BC9CEB8-8B4A-11D0-8D11-00A0C91BC942}") = "Test_BulletInverseForwardDynamics", "test\InverseDynamics\Test_BulletInverseForwardDynamics.vcxproj", "{E9981529-EAEB-3CEE-BC40-3DE4787B6BD6}"
	ProjectSection(ProjectDependencies) = postProject
		{D3539E98-183B-3363-9080-6A2DC139BC9C} = {D3539E98-183B-3363-9080-6A2DC139BC9C}
		{E4FC7A6A-C5CF-3F25-A132-77835049154B} = {E4FC7A6A-C5CF-3F25-A132-77835049154B}
		{444CED19-BAB7-3D61-9E60-56F18BE3ABDB} = {444CED19-BAB7-3D61-9E60-56F18BE3ABDB}
		{3DF481D0-589D-376D-A8C3-6C1CC0F3F13F} = {3DF481D0-589D-376D-A8C3-6C1CC0F3F13F}
		{68286945-F88C-31B2-9DE5-1B8531539B0E} = {68286945-F88C-31B2-9DE5-1B8531539B0E}
		{D9AEE14E-9DE9-315D-BECF-E7351B129591} = {D9AEE14E-9DE9-315D-BECF-E7351B129591}
		{ED6A36AC-9CA0-3E28-99A6-22AECA1CC061} = {ED6A36AC-9CA0-3E28-99A6-22AECA1CC061}
		{8A28DAD8-BAC4-3C29-B410-CB8131DB6994} = {8A28DAD8-BAC4-3C29-B410-CB8131DB6994}
	EndProjectSection
EndProject
Project("{8BC9CEB8-8B4A-11D0-8D11-00A0C91BC942}") = "Test_Collision", "test\collision\Test_Collision.vcxproj", "{36C44981-3BB2-3D73-BB21-C920C9777BE1}"
	ProjectSection(ProjectDependencies) = postProject
		{D9AEE14E-9DE9-315D-BECF-E7351B129591} = {D9AEE14E-9DE9-315D-BECF-E7351B129591}
		{ED6A36AC-9CA0-3E28-99A6-22AECA1CC061} = {ED6A36AC-9CA0-3E28-99A6-22AECA1CC061}
		{8A28DAD8-BAC4-3C29-B410-CB8131DB6994} = {8A28DAD8-BAC4-3C29-B410-CB8131DB6994}
	EndProjectSection
EndProject
Project("{8BC9CEB8-8B4A-11D0-8D11-00A0C91BC942}") = "Test_PhysicsClientServer", "test\SharedMemory\Test_PhysicsClientServer.vcxproj", "{FA4F3B1D-4AEC-32A5-AE12-4BE7FF8289DC}"
	ProjectSection(ProjectDependencies) = postProject
		{D3539E98-183B-3363-9080-6A2DC139BC9C} = {D3539E98-183B-3363-9080-6A2DC139BC9C}
		{E4FC7A6A-C5CF-3F25-A132-77835049154B} = {E4FC7A6A-C5CF-3F25-A132-77835049154B}
		{444CED19-BAB7-3D61-9E60-56F18BE3ABDB} = {444CED19-BAB7-3D61-9E60-56F18BE3ABDB}
		{5BB6FF06-CE4D-3462-AAA7-3E2E6B9E00ED} = {5BB6FF06-CE4D-3462-AAA7-3E2E6B9E00ED}
		{3DF481D0-589D-376D-A8C3-6C1CC0F3F13F} = {3DF481D0-589D-376D-A8C3-6C1CC0F3F13F}
		{68286945-F88C-31B2-9DE5-1B8531539B0E} = {68286945-F88C-31B2-9DE5-1B8531539B0E}
		{E935C977-1DAD-3D0E-ADB6-8B61D809F16E} = {E935C977-1DAD-3D0E-ADB6-8B61D809F16E}
		{1F122755-9AC7-3884-B718-0674F31FAABE} = {1F122755-9AC7-3884-B718-0674F31FAABE}
		{540204B3-2D77-38A2-A944-CD2512A80206} = {540204B3-2D77-38A2-A944-CD2512A80206}
		{D9AEE14E-9DE9-315D-BECF-E7351B129591} = {D9AEE14E-9DE9-315D-BECF-E7351B129591}
		{ED6A36AC-9CA0-3E28-99A6-22AECA1CC061} = {ED6A36AC-9CA0-3E28-99A6-22AECA1CC061}
		{8A28DAD8-BAC4-3C29-B410-CB8131DB6994} = {8A28DAD8-BAC4-3C29-B410-CB8131DB6994}
	EndProjectSection
EndProject
Project("{8BC9CEB8-8B4A-11D0-8D11-00A0C91BC942}") = "Test_btKinematicCharacterController", "test\BulletDynamics\Test_btKinematicCharacterController.vcxproj", "{31211178-F1CE-3FFE-9C4F-907D6BD71799}"
	ProjectSection(ProjectDependencies) = postProject
		{E4FC7A6A-C5CF-3F25-A132-77835049154B} = {E4FC7A6A-C5CF-3F25-A132-77835049154B}
		{444CED19-BAB7-3D61-9E60-56F18BE3ABDB} = {444CED19-BAB7-3D61-9E60-56F18BE3ABDB}
		{D9AEE14E-9DE9-315D-BECF-E7351B129591} = {D9AEE14E-9DE9-315D-BECF-E7351B129591}
		{ED6A36AC-9CA0-3E28-99A6-22AECA1CC061} = {ED6A36AC-9CA0-3E28-99A6-22AECA1CC061}
		{8A28DAD8-BAC4-3C29-B410-CB8131DB6994} = {8A28DAD8-BAC4-3C29-B410-CB8131DB6994}
	EndProjectSection
EndProject
Project("{8BC9CEB8-8B4A-11D0-8D11-00A0C91BC942}") = "ZERO_CHECK", "ZERO_CHECK.vcxproj", "{ED6A36AC-9CA0-3E28-99A6-22AECA1CC061}"
	ProjectSection(ProjectDependencies) = postProject
	EndProjectSection
EndProject
Project("{8BC9CEB8-8B4A-11D0-8D11-00A0C91BC942}") = "clsocket", "examples\ThirdPartyLibs\clsocket\clsocket.vcxproj", "{0C59F8D5-8F8F-38A7-827B-5AA3789240E4}"
	ProjectSection(ProjectDependencies) = postProject
		{ED6A36AC-9CA0-3E28-99A6-22AECA1CC061} = {ED6A36AC-9CA0-3E28-99A6-22AECA1CC061}
	EndProjectSection
EndProject
Project("{8BC9CEB8-8B4A-11D0-8D11-00A0C91BC942}") = "gtest", "test\gtest-1.7.0\gtest.vcxproj", "{8A28DAD8-BAC4-3C29-B410-CB8131DB6994}"
	ProjectSection(ProjectDependencies) = postProject
		{ED6A36AC-9CA0-3E28-99A6-22AECA1CC061} = {ED6A36AC-9CA0-3E28-99A6-22AECA1CC061}
	EndProjectSection
EndProject
Project("{8BC9CEB8-8B4A-11D0-8D11-00A0C91BC942}") = "gwen", "examples\ThirdPartyLibs\Gwen\gwen.vcxproj", "{7F2F0207-6B68-36A3-BC31-C70899FD5A89}"
	ProjectSection(ProjectDependencies) = postProject
		{ED6A36AC-9CA0-3E28-99A6-22AECA1CC061} = {ED6A36AC-9CA0-3E28-99A6-22AECA1CC061}
	EndProjectSection
EndProject
Global
	GlobalSection(SolutionConfigurationPlatforms) = preSolution
		Debug|Win32 = Debug|Win32
		Release|Win32 = Release|Win32
		MinSizeRel|Win32 = MinSizeRel|Win32
		RelWithDebInfo|Win32 = RelWithDebInfo|Win32
	EndGlobalSection
	GlobalSection(ProjectConfigurationPlatforms) = postSolution
		{14B6B698-C1D2-3B26-9F86-9EDA555F2B5C}.Debug|Win32.ActiveCfg = Debug|Win32
		{14B6B698-C1D2-3B26-9F86-9EDA555F2B5C}.Debug|Win32.Build.0 = Debug|Win32
		{14B6B698-C1D2-3B26-9F86-9EDA555F2B5C}.Release|Win32.ActiveCfg = Release|Win32
		{14B6B698-C1D2-3B26-9F86-9EDA555F2B5C}.Release|Win32.Build.0 = Release|Win32
		{14B6B698-C1D2-3B26-9F86-9EDA555F2B5C}.MinSizeRel|Win32.ActiveCfg = MinSizeRel|Win32
		{14B6B698-C1D2-3B26-9F86-9EDA555F2B5C}.MinSizeRel|Win32.Build.0 = MinSizeRel|Win32
		{14B6B698-C1D2-3B26-9F86-9EDA555F2B5C}.RelWithDebInfo|Win32.ActiveCfg = RelWithDebInfo|Win32
		{14B6B698-C1D2-3B26-9F86-9EDA555F2B5C}.RelWithDebInfo|Win32.Build.0 = RelWithDebInfo|Win32
		{8B0B5B41-3FF9-3D3D-A7E7-E9EAC2D3E6F0}.Debug|Win32.ActiveCfg = Debug|Win32
		{8B0B5B41-3FF9-3D3D-A7E7-E9EAC2D3E6F0}.Debug|Win32.Build.0 = Debug|Win32
		{8B0B5B41-3FF9-3D3D-A7E7-E9EAC2D3E6F0}.Release|Win32.ActiveCfg = Release|Win32
		{8B0B5B41-3FF9-3D3D-A7E7-E9EAC2D3E6F0}.Release|Win32.Build.0 = Release|Win32
		{8B0B5B41-3FF9-3D3D-A7E7-E9EAC2D3E6F0}.MinSizeRel|Win32.ActiveCfg = MinSizeRel|Win32
		{8B0B5B41-3FF9-3D3D-A7E7-E9EAC2D3E6F0}.MinSizeRel|Win32.Build.0 = MinSizeRel|Win32
		{8B0B5B41-3FF9-3D3D-A7E7-E9EAC2D3E6F0}.RelWithDebInfo|Win32.ActiveCfg = RelWithDebInfo|Win32
		{8B0B5B41-3FF9-3D3D-A7E7-E9EAC2D3E6F0}.RelWithDebInfo|Win32.Build.0 = RelWithDebInfo|Win32
		{29E4EE63-C826-374E-8E90-BB9596EF74B1}.Debug|Win32.ActiveCfg = Debug|Win32
		{29E4EE63-C826-374E-8E90-BB9596EF74B1}.Debug|Win32.Build.0 = Debug|Win32
		{29E4EE63-C826-374E-8E90-BB9596EF74B1}.Release|Win32.ActiveCfg = Release|Win32
		{29E4EE63-C826-374E-8E90-BB9596EF74B1}.Release|Win32.Build.0 = Release|Win32
		{29E4EE63-C826-374E-8E90-BB9596EF74B1}.MinSizeRel|Win32.ActiveCfg = MinSizeRel|Win32
		{29E4EE63-C826-374E-8E90-BB9596EF74B1}.MinSizeRel|Win32.Build.0 = MinSizeRel|Win32
		{29E4EE63-C826-374E-8E90-BB9596EF74B1}.RelWithDebInfo|Win32.ActiveCfg = RelWithDebInfo|Win32
		{29E4EE63-C826-374E-8E90-BB9596EF74B1}.RelWithDebInfo|Win32.Build.0 = RelWithDebInfo|Win32
		{9BED800B-E47E-3622-ABDB-2DCB24F7BD03}.Debug|Win32.ActiveCfg = Debug|Win32
		{9BED800B-E47E-3622-ABDB-2DCB24F7BD03}.Debug|Win32.Build.0 = Debug|Win32
		{9BED800B-E47E-3622-ABDB-2DCB24F7BD03}.Release|Win32.ActiveCfg = Release|Win32
		{9BED800B-E47E-3622-ABDB-2DCB24F7BD03}.Release|Win32.Build.0 = Release|Win32
		{9BED800B-E47E-3622-ABDB-2DCB24F7BD03}.MinSizeRel|Win32.ActiveCfg = MinSizeRel|Win32
		{9BED800B-E47E-3622-ABDB-2DCB24F7BD03}.MinSizeRel|Win32.Build.0 = MinSizeRel|Win32
		{9BED800B-E47E-3622-ABDB-2DCB24F7BD03}.RelWithDebInfo|Win32.ActiveCfg = RelWithDebInfo|Win32
		{9BED800B-E47E-3622-ABDB-2DCB24F7BD03}.RelWithDebInfo|Win32.Build.0 = RelWithDebInfo|Win32
		{C3643366-4599-3A24-9D97-0396FE5ECEDA}.Debug|Win32.ActiveCfg = Debug|Win32
		{C3643366-4599-3A24-9D97-0396FE5ECEDA}.Debug|Win32.Build.0 = Debug|Win32
		{C3643366-4599-3A24-9D97-0396FE5ECEDA}.Release|Win32.ActiveCfg = Release|Win32
		{C3643366-4599-3A24-9D97-0396FE5ECEDA}.Release|Win32.Build.0 = Release|Win32
		{C3643366-4599-3A24-9D97-0396FE5ECEDA}.MinSizeRel|Win32.ActiveCfg = MinSizeRel|Win32
		{C3643366-4599-3A24-9D97-0396FE5ECEDA}.MinSizeRel|Win32.Build.0 = MinSizeRel|Win32
		{C3643366-4599-3A24-9D97-0396FE5ECEDA}.RelWithDebInfo|Win32.ActiveCfg = RelWithDebInfo|Win32
		{C3643366-4599-3A24-9D97-0396FE5ECEDA}.RelWithDebInfo|Win32.Build.0 = RelWithDebInfo|Win32
		{CC9FEFE1-F063-3BEA-9FFD-2893F8F7AC44}.Debug|Win32.ActiveCfg = Debug|Win32
		{CC9FEFE1-F063-3BEA-9FFD-2893F8F7AC44}.Debug|Win32.Build.0 = Debug|Win32
		{CC9FEFE1-F063-3BEA-9FFD-2893F8F7AC44}.Release|Win32.ActiveCfg = Release|Win32
		{CC9FEFE1-F063-3BEA-9FFD-2893F8F7AC44}.Release|Win32.Build.0 = Release|Win32
		{CC9FEFE1-F063-3BEA-9FFD-2893F8F7AC44}.MinSizeRel|Win32.ActiveCfg = MinSizeRel|Win32
		{CC9FEFE1-F063-3BEA-9FFD-2893F8F7AC44}.MinSizeRel|Win32.Build.0 = MinSizeRel|Win32
		{CC9FEFE1-F063-3BEA-9FFD-2893F8F7AC44}.RelWithDebInfo|Win32.ActiveCfg = RelWithDebInfo|Win32
		{CC9FEFE1-F063-3BEA-9FFD-2893F8F7AC44}.RelWithDebInfo|Win32.Build.0 = RelWithDebInfo|Win32
		{EFDC4A3C-C98F-3CF9-A383-64CA05674200}.Debug|Win32.ActiveCfg = Debug|Win32
		{EFDC4A3C-C98F-3CF9-A383-64CA05674200}.Debug|Win32.Build.0 = Debug|Win32
		{EFDC4A3C-C98F-3CF9-A383-64CA05674200}.Release|Win32.ActiveCfg = Release|Win32
		{EFDC4A3C-C98F-3CF9-A383-64CA05674200}.Release|Win32.Build.0 = Release|Win32
		{EFDC4A3C-C98F-3CF9-A383-64CA05674200}.MinSizeRel|Win32.ActiveCfg = MinSizeRel|Win32
		{EFDC4A3C-C98F-3CF9-A383-64CA05674200}.MinSizeRel|Win32.Build.0 = MinSizeRel|Win32
		{EFDC4A3C-C98F-3CF9-A383-64CA05674200}.RelWithDebInfo|Win32.ActiveCfg = RelWithDebInfo|Win32
		{EFDC4A3C-C98F-3CF9-A383-64CA05674200}.RelWithDebInfo|Win32.Build.0 = RelWithDebInfo|Win32
		{77B2C5A5-AD97-33E8-B12D-DF42D061D4BD}.Debug|Win32.ActiveCfg = Debug|Win32
		{77B2C5A5-AD97-33E8-B12D-DF42D061D4BD}.Debug|Win32.Build.0 = Debug|Win32
		{77B2C5A5-AD97-33E8-B12D-DF42D061D4BD}.Release|Win32.ActiveCfg = Release|Win32
		{77B2C5A5-AD97-33E8-B12D-DF42D061D4BD}.Release|Win32.Build.0 = Release|Win32
		{77B2C5A5-AD97-33E8-B12D-DF42D061D4BD}.MinSizeRel|Win32.ActiveCfg = MinSizeRel|Win32
		{77B2C5A5-AD97-33E8-B12D-DF42D061D4BD}.MinSizeRel|Win32.Build.0 = MinSizeRel|Win32
		{77B2C5A5-AD97-33E8-B12D-DF42D061D4BD}.RelWithDebInfo|Win32.ActiveCfg = RelWithDebInfo|Win32
		{77B2C5A5-AD97-33E8-B12D-DF42D061D4BD}.RelWithDebInfo|Win32.Build.0 = RelWithDebInfo|Win32
		{C5749F61-1952-3578-9DA4-B1BF1FADD1ED}.Debug|Win32.ActiveCfg = Debug|Win32
		{C5749F61-1952-3578-9DA4-B1BF1FADD1ED}.Debug|Win32.Build.0 = Debug|Win32
		{C5749F61-1952-3578-9DA4-B1BF1FADD1ED}.Release|Win32.ActiveCfg = Release|Win32
		{C5749F61-1952-3578-9DA4-B1BF1FADD1ED}.Release|Win32.Build.0 = Release|Win32
		{C5749F61-1952-3578-9DA4-B1BF1FADD1ED}.MinSizeRel|Win32.ActiveCfg = MinSizeRel|Win32
		{C5749F61-1952-3578-9DA4-B1BF1FADD1ED}.MinSizeRel|Win32.Build.0 = MinSizeRel|Win32
		{C5749F61-1952-3578-9DA4-B1BF1FADD1ED}.RelWithDebInfo|Win32.ActiveCfg = RelWithDebInfo|Win32
		{C5749F61-1952-3578-9DA4-B1BF1FADD1ED}.RelWithDebInfo|Win32.Build.0 = RelWithDebInfo|Win32
		{9FDF5C38-73BF-37B5-8FD9-C63CB6999E58}.Debug|Win32.ActiveCfg = Debug|Win32
		{9FDF5C38-73BF-37B5-8FD9-C63CB6999E58}.Debug|Win32.Build.0 = Debug|Win32
		{9FDF5C38-73BF-37B5-8FD9-C63CB6999E58}.Release|Win32.ActiveCfg = Release|Win32
		{9FDF5C38-73BF-37B5-8FD9-C63CB6999E58}.Release|Win32.Build.0 = Release|Win32
		{9FDF5C38-73BF-37B5-8FD9-C63CB6999E58}.MinSizeRel|Win32.ActiveCfg = MinSizeRel|Win32
		{9FDF5C38-73BF-37B5-8FD9-C63CB6999E58}.MinSizeRel|Win32.Build.0 = MinSizeRel|Win32
		{9FDF5C38-73BF-37B5-8FD9-C63CB6999E58}.RelWithDebInfo|Win32.ActiveCfg = RelWithDebInfo|Win32
		{9FDF5C38-73BF-37B5-8FD9-C63CB6999E58}.RelWithDebInfo|Win32.Build.0 = RelWithDebInfo|Win32
		{D14C2ACF-C6E8-3F75-81C1-DBA0BFA19207}.Debug|Win32.ActiveCfg = Debug|Win32
		{D14C2ACF-C6E8-3F75-81C1-DBA0BFA19207}.Debug|Win32.Build.0 = Debug|Win32
		{D14C2ACF-C6E8-3F75-81C1-DBA0BFA19207}.Release|Win32.ActiveCfg = Release|Win32
		{D14C2ACF-C6E8-3F75-81C1-DBA0BFA19207}.Release|Win32.Build.0 = Release|Win32
		{D14C2ACF-C6E8-3F75-81C1-DBA0BFA19207}.MinSizeRel|Win32.ActiveCfg = MinSizeRel|Win32
		{D14C2ACF-C6E8-3F75-81C1-DBA0BFA19207}.MinSizeRel|Win32.Build.0 = MinSizeRel|Win32
		{D14C2ACF-C6E8-3F75-81C1-DBA0BFA19207}.RelWithDebInfo|Win32.ActiveCfg = RelWithDebInfo|Win32
		{D14C2ACF-C6E8-3F75-81C1-DBA0BFA19207}.RelWithDebInfo|Win32.Build.0 = RelWithDebInfo|Win32
		{DADBCB55-0DEB-3C0A-B9D2-C5261FEB5634}.Debug|Win32.ActiveCfg = Debug|Win32
		{DADBCB55-0DEB-3C0A-B9D2-C5261FEB5634}.Debug|Win32.Build.0 = Debug|Win32
		{DADBCB55-0DEB-3C0A-B9D2-C5261FEB5634}.Release|Win32.ActiveCfg = Release|Win32
		{DADBCB55-0DEB-3C0A-B9D2-C5261FEB5634}.Release|Win32.Build.0 = Release|Win32
		{DADBCB55-0DEB-3C0A-B9D2-C5261FEB5634}.MinSizeRel|Win32.ActiveCfg = MinSizeRel|Win32
		{DADBCB55-0DEB-3C0A-B9D2-C5261FEB5634}.MinSizeRel|Win32.Build.0 = MinSizeRel|Win32
		{DADBCB55-0DEB-3C0A-B9D2-C5261FEB5634}.RelWithDebInfo|Win32.ActiveCfg = RelWithDebInfo|Win32
		{DADBCB55-0DEB-3C0A-B9D2-C5261FEB5634}.RelWithDebInfo|Win32.Build.0 = RelWithDebInfo|Win32
		{4010C6BC-9B9F-330A-BF91-7F71E36B3918}.Debug|Win32.ActiveCfg = Debug|Win32
		{4010C6BC-9B9F-330A-BF91-7F71E36B3918}.Debug|Win32.Build.0 = Debug|Win32
		{4010C6BC-9B9F-330A-BF91-7F71E36B3918}.Release|Win32.ActiveCfg = Release|Win32
		{4010C6BC-9B9F-330A-BF91-7F71E36B3918}.Release|Win32.Build.0 = Release|Win32
		{4010C6BC-9B9F-330A-BF91-7F71E36B3918}.MinSizeRel|Win32.ActiveCfg = MinSizeRel|Win32
		{4010C6BC-9B9F-330A-BF91-7F71E36B3918}.MinSizeRel|Win32.Build.0 = MinSizeRel|Win32
		{4010C6BC-9B9F-330A-BF91-7F71E36B3918}.RelWithDebInfo|Win32.ActiveCfg = RelWithDebInfo|Win32
		{4010C6BC-9B9F-330A-BF91-7F71E36B3918}.RelWithDebInfo|Win32.Build.0 = RelWithDebInfo|Win32
		{2D2914D6-BF27-32F4-A64C-15CE3CF15793}.Debug|Win32.ActiveCfg = Debug|Win32
		{2D2914D6-BF27-32F4-A64C-15CE3CF15793}.Debug|Win32.Build.0 = Debug|Win32
		{2D2914D6-BF27-32F4-A64C-15CE3CF15793}.Release|Win32.ActiveCfg = Release|Win32
		{2D2914D6-BF27-32F4-A64C-15CE3CF15793}.Release|Win32.Build.0 = Release|Win32
		{2D2914D6-BF27-32F4-A64C-15CE3CF15793}.MinSizeRel|Win32.ActiveCfg = MinSizeRel|Win32
		{2D2914D6-BF27-32F4-A64C-15CE3CF15793}.MinSizeRel|Win32.Build.0 = MinSizeRel|Win32
		{2D2914D6-BF27-32F4-A64C-15CE3CF15793}.RelWithDebInfo|Win32.ActiveCfg = RelWithDebInfo|Win32
		{2D2914D6-BF27-32F4-A64C-15CE3CF15793}.RelWithDebInfo|Win32.Build.0 = RelWithDebInfo|Win32
		{9321FEAF-B9C6-366D-B1BA-197D013584DC}.Debug|Win32.ActiveCfg = Debug|Win32
		{9321FEAF-B9C6-366D-B1BA-197D013584DC}.Debug|Win32.Build.0 = Debug|Win32
		{9321FEAF-B9C6-366D-B1BA-197D013584DC}.Release|Win32.ActiveCfg = Release|Win32
		{9321FEAF-B9C6-366D-B1BA-197D013584DC}.Release|Win32.Build.0 = Release|Win32
		{9321FEAF-B9C6-366D-B1BA-197D013584DC}.MinSizeRel|Win32.ActiveCfg = MinSizeRel|Win32
		{9321FEAF-B9C6-366D-B1BA-197D013584DC}.MinSizeRel|Win32.Build.0 = MinSizeRel|Win32
		{9321FEAF-B9C6-366D-B1BA-197D013584DC}.RelWithDebInfo|Win32.ActiveCfg = RelWithDebInfo|Win32
		{9321FEAF-B9C6-366D-B1BA-197D013584DC}.RelWithDebInfo|Win32.Build.0 = RelWithDebInfo|Win32
		{D3539E98-183B-3363-9080-6A2DC139BC9C}.Debug|Win32.ActiveCfg = Debug|Win32
		{D3539E98-183B-3363-9080-6A2DC139BC9C}.Debug|Win32.Build.0 = Debug|Win32
		{D3539E98-183B-3363-9080-6A2DC139BC9C}.Release|Win32.ActiveCfg = Release|Win32
		{D3539E98-183B-3363-9080-6A2DC139BC9C}.Release|Win32.Build.0 = Release|Win32
		{D3539E98-183B-3363-9080-6A2DC139BC9C}.MinSizeRel|Win32.ActiveCfg = MinSizeRel|Win32
		{D3539E98-183B-3363-9080-6A2DC139BC9C}.MinSizeRel|Win32.Build.0 = MinSizeRel|Win32
		{D3539E98-183B-3363-9080-6A2DC139BC9C}.RelWithDebInfo|Win32.ActiveCfg = RelWithDebInfo|Win32
		{D3539E98-183B-3363-9080-6A2DC139BC9C}.RelWithDebInfo|Win32.Build.0 = RelWithDebInfo|Win32
		{7975A39C-744F-36C0-BED4-ACB38E3796E2}.Debug|Win32.ActiveCfg = Debug|Win32
		{7975A39C-744F-36C0-BED4-ACB38E3796E2}.Debug|Win32.Build.0 = Debug|Win32
		{7975A39C-744F-36C0-BED4-ACB38E3796E2}.Release|Win32.ActiveCfg = Release|Win32
		{7975A39C-744F-36C0-BED4-ACB38E3796E2}.Release|Win32.Build.0 = Release|Win32
		{7975A39C-744F-36C0-BED4-ACB38E3796E2}.MinSizeRel|Win32.ActiveCfg = MinSizeRel|Win32
		{7975A39C-744F-36C0-BED4-ACB38E3796E2}.MinSizeRel|Win32.Build.0 = MinSizeRel|Win32
		{7975A39C-744F-36C0-BED4-ACB38E3796E2}.RelWithDebInfo|Win32.ActiveCfg = RelWithDebInfo|Win32
		{7975A39C-744F-36C0-BED4-ACB38E3796E2}.RelWithDebInfo|Win32.Build.0 = RelWithDebInfo|Win32
		{F148BEED-DB2C-31E2-8B77-3BD56D16DB89}.Debug|Win32.ActiveCfg = Debug|Win32
		{F148BEED-DB2C-31E2-8B77-3BD56D16DB89}.Debug|Win32.Build.0 = Debug|Win32
		{F148BEED-DB2C-31E2-8B77-3BD56D16DB89}.Release|Win32.ActiveCfg = Release|Win32
		{F148BEED-DB2C-31E2-8B77-3BD56D16DB89}.Release|Win32.Build.0 = Release|Win32
		{F148BEED-DB2C-31E2-8B77-3BD56D16DB89}.MinSizeRel|Win32.ActiveCfg = MinSizeRel|Win32
		{F148BEED-DB2C-31E2-8B77-3BD56D16DB89}.MinSizeRel|Win32.Build.0 = MinSizeRel|Win32
		{F148BEED-DB2C-31E2-8B77-3BD56D16DB89}.RelWithDebInfo|Win32.ActiveCfg = RelWithDebInfo|Win32
		{F148BEED-DB2C-31E2-8B77-3BD56D16DB89}.RelWithDebInfo|Win32.Build.0 = RelWithDebInfo|Win32
		{909302A3-0BDC-3210-81B6-FB0C5CF35A07}.Debug|Win32.ActiveCfg = Debug|Win32
		{909302A3-0BDC-3210-81B6-FB0C5CF35A07}.Debug|Win32.Build.0 = Debug|Win32
		{909302A3-0BDC-3210-81B6-FB0C5CF35A07}.Release|Win32.ActiveCfg = Release|Win32
		{909302A3-0BDC-3210-81B6-FB0C5CF35A07}.Release|Win32.Build.0 = Release|Win32
		{909302A3-0BDC-3210-81B6-FB0C5CF35A07}.MinSizeRel|Win32.ActiveCfg = MinSizeRel|Win32
		{909302A3-0BDC-3210-81B6-FB0C5CF35A07}.MinSizeRel|Win32.Build.0 = MinSizeRel|Win32
		{909302A3-0BDC-3210-81B6-FB0C5CF35A07}.RelWithDebInfo|Win32.ActiveCfg = RelWithDebInfo|Win32
		{909302A3-0BDC-3210-81B6-FB0C5CF35A07}.RelWithDebInfo|Win32.Build.0 = RelWithDebInfo|Win32
		{E4FC7A6A-C5CF-3F25-A132-77835049154B}.Debug|Win32.ActiveCfg = Debug|Win32
		{E4FC7A6A-C5CF-3F25-A132-77835049154B}.Debug|Win32.Build.0 = Debug|Win32
		{E4FC7A6A-C5CF-3F25-A132-77835049154B}.Release|Win32.ActiveCfg = Release|Win32
		{E4FC7A6A-C5CF-3F25-A132-77835049154B}.Release|Win32.Build.0 = Release|Win32
		{E4FC7A6A-C5CF-3F25-A132-77835049154B}.MinSizeRel|Win32.ActiveCfg = MinSizeRel|Win32
		{E4FC7A6A-C5CF-3F25-A132-77835049154B}.MinSizeRel|Win32.Build.0 = MinSizeRel|Win32
		{E4FC7A6A-C5CF-3F25-A132-77835049154B}.RelWithDebInfo|Win32.ActiveCfg = RelWithDebInfo|Win32
		{E4FC7A6A-C5CF-3F25-A132-77835049154B}.RelWithDebInfo|Win32.Build.0 = RelWithDebInfo|Win32
		{444CED19-BAB7-3D61-9E60-56F18BE3ABDB}.Debug|Win32.ActiveCfg = Debug|Win32
		{444CED19-BAB7-3D61-9E60-56F18BE3ABDB}.Debug|Win32.Build.0 = Debug|Win32
		{444CED19-BAB7-3D61-9E60-56F18BE3ABDB}.Release|Win32.ActiveCfg = Release|Win32
		{444CED19-BAB7-3D61-9E60-56F18BE3ABDB}.Release|Win32.Build.0 = Release|Win32
		{444CED19-BAB7-3D61-9E60-56F18BE3ABDB}.MinSizeRel|Win32.ActiveCfg = MinSizeRel|Win32
		{444CED19-BAB7-3D61-9E60-56F18BE3ABDB}.MinSizeRel|Win32.Build.0 = MinSizeRel|Win32
		{444CED19-BAB7-3D61-9E60-56F18BE3ABDB}.RelWithDebInfo|Win32.ActiveCfg = RelWithDebInfo|Win32
		{444CED19-BAB7-3D61-9E60-56F18BE3ABDB}.RelWithDebInfo|Win32.Build.0 = RelWithDebInfo|Win32
		{5A92E689-6AD7-378F-B655-29958A610F60}.Debug|Win32.ActiveCfg = Debug|Win32
		{5A92E689-6AD7-378F-B655-29958A610F60}.Debug|Win32.Build.0 = Debug|Win32
		{5A92E689-6AD7-378F-B655-29958A610F60}.Release|Win32.ActiveCfg = Release|Win32
		{5A92E689-6AD7-378F-B655-29958A610F60}.Release|Win32.Build.0 = Release|Win32
		{5A92E689-6AD7-378F-B655-29958A610F60}.MinSizeRel|Win32.ActiveCfg = MinSizeRel|Win32
		{5A92E689-6AD7-378F-B655-29958A610F60}.MinSizeRel|Win32.Build.0 = MinSizeRel|Win32
		{5A92E689-6AD7-378F-B655-29958A610F60}.RelWithDebInfo|Win32.ActiveCfg = RelWithDebInfo|Win32
		{5A92E689-6AD7-378F-B655-29958A610F60}.RelWithDebInfo|Win32.Build.0 = RelWithDebInfo|Win32
		{5BB6FF06-CE4D-3462-AAA7-3E2E6B9E00ED}.Debug|Win32.ActiveCfg = Debug|Win32
		{5BB6FF06-CE4D-3462-AAA7-3E2E6B9E00ED}.Debug|Win32.Build.0 = Debug|Win32
		{5BB6FF06-CE4D-3462-AAA7-3E2E6B9E00ED}.Release|Win32.ActiveCfg = Release|Win32
		{5BB6FF06-CE4D-3462-AAA7-3E2E6B9E00ED}.Release|Win32.Build.0 = Release|Win32
		{5BB6FF06-CE4D-3462-AAA7-3E2E6B9E00ED}.MinSizeRel|Win32.ActiveCfg = MinSizeRel|Win32
		{5BB6FF06-CE4D-3462-AAA7-3E2E6B9E00ED}.MinSizeRel|Win32.Build.0 = MinSizeRel|Win32
		{5BB6FF06-CE4D-3462-AAA7-3E2E6B9E00ED}.RelWithDebInfo|Win32.ActiveCfg = RelWithDebInfo|Win32
		{5BB6FF06-CE4D-3462-AAA7-3E2E6B9E00ED}.RelWithDebInfo|Win32.Build.0 = RelWithDebInfo|Win32
		{3DF481D0-589D-376D-A8C3-6C1CC0F3F13F}.Debug|Win32.ActiveCfg = Debug|Win32
		{3DF481D0-589D-376D-A8C3-6C1CC0F3F13F}.Debug|Win32.Build.0 = Debug|Win32
		{3DF481D0-589D-376D-A8C3-6C1CC0F3F13F}.Release|Win32.ActiveCfg = Release|Win32
		{3DF481D0-589D-376D-A8C3-6C1CC0F3F13F}.Release|Win32.Build.0 = Release|Win32
		{3DF481D0-589D-376D-A8C3-6C1CC0F3F13F}.MinSizeRel|Win32.ActiveCfg = MinSizeRel|Win32
		{3DF481D0-589D-376D-A8C3-6C1CC0F3F13F}.MinSizeRel|Win32.Build.0 = MinSizeRel|Win32
		{3DF481D0-589D-376D-A8C3-6C1CC0F3F13F}.RelWithDebInfo|Win32.ActiveCfg = RelWithDebInfo|Win32
		{3DF481D0-589D-376D-A8C3-6C1CC0F3F13F}.RelWithDebInfo|Win32.Build.0 = RelWithDebInfo|Win32
		{68286945-F88C-31B2-9DE5-1B8531539B0E}.Debug|Win32.ActiveCfg = Debug|Win32
		{68286945-F88C-31B2-9DE5-1B8531539B0E}.Debug|Win32.Build.0 = Debug|Win32
		{68286945-F88C-31B2-9DE5-1B8531539B0E}.Release|Win32.ActiveCfg = Release|Win32
		{68286945-F88C-31B2-9DE5-1B8531539B0E}.Release|Win32.Build.0 = Release|Win32
		{68286945-F88C-31B2-9DE5-1B8531539B0E}.MinSizeRel|Win32.ActiveCfg = MinSizeRel|Win32
		{68286945-F88C-31B2-9DE5-1B8531539B0E}.MinSizeRel|Win32.Build.0 = MinSizeRel|Win32
		{68286945-F88C-31B2-9DE5-1B8531539B0E}.RelWithDebInfo|Win32.ActiveCfg = RelWithDebInfo|Win32
		{68286945-F88C-31B2-9DE5-1B8531539B0E}.RelWithDebInfo|Win32.Build.0 = RelWithDebInfo|Win32
		{F8B631DE-759B-312E-A971-B82A8BD60190}.Debug|Win32.ActiveCfg = Debug|Win32
		{F8B631DE-759B-312E-A971-B82A8BD60190}.Debug|Win32.Build.0 = Debug|Win32
		{F8B631DE-759B-312E-A971-B82A8BD60190}.Release|Win32.ActiveCfg = Release|Win32
		{F8B631DE-759B-312E-A971-B82A8BD60190}.Release|Win32.Build.0 = Release|Win32
		{F8B631DE-759B-312E-A971-B82A8BD60190}.MinSizeRel|Win32.ActiveCfg = MinSizeRel|Win32
		{F8B631DE-759B-312E-A971-B82A8BD60190}.MinSizeRel|Win32.Build.0 = MinSizeRel|Win32
		{F8B631DE-759B-312E-A971-B82A8BD60190}.RelWithDebInfo|Win32.ActiveCfg = RelWithDebInfo|Win32
		{F8B631DE-759B-312E-A971-B82A8BD60190}.RelWithDebInfo|Win32.Build.0 = RelWithDebInfo|Win32
		{E935C977-1DAD-3D0E-ADB6-8B61D809F16E}.Debug|Win32.ActiveCfg = Debug|Win32
		{E935C977-1DAD-3D0E-ADB6-8B61D809F16E}.Debug|Win32.Build.0 = Debug|Win32
		{E935C977-1DAD-3D0E-ADB6-8B61D809F16E}.Release|Win32.ActiveCfg = Release|Win32
		{E935C977-1DAD-3D0E-ADB6-8B61D809F16E}.Release|Win32.Build.0 = Release|Win32
		{E935C977-1DAD-3D0E-ADB6-8B61D809F16E}.MinSizeRel|Win32.ActiveCfg = MinSizeRel|Win32
		{E935C977-1DAD-3D0E-ADB6-8B61D809F16E}.MinSizeRel|Win32.Build.0 = MinSizeRel|Win32
		{E935C977-1DAD-3D0E-ADB6-8B61D809F16E}.RelWithDebInfo|Win32.ActiveCfg = RelWithDebInfo|Win32
		{E935C977-1DAD-3D0E-ADB6-8B61D809F16E}.RelWithDebInfo|Win32.Build.0 = RelWithDebInfo|Win32
		{1F122755-9AC7-3884-B718-0674F31FAABE}.Debug|Win32.ActiveCfg = Debug|Win32
		{1F122755-9AC7-3884-B718-0674F31FAABE}.Debug|Win32.Build.0 = Debug|Win32
		{1F122755-9AC7-3884-B718-0674F31FAABE}.Release|Win32.ActiveCfg = Release|Win32
		{1F122755-9AC7-3884-B718-0674F31FAABE}.Release|Win32.Build.0 = Release|Win32
		{1F122755-9AC7-3884-B718-0674F31FAABE}.MinSizeRel|Win32.ActiveCfg = MinSizeRel|Win32
		{1F122755-9AC7-3884-B718-0674F31FAABE}.MinSizeRel|Win32.Build.0 = MinSizeRel|Win32
		{1F122755-9AC7-3884-B718-0674F31FAABE}.RelWithDebInfo|Win32.ActiveCfg = RelWithDebInfo|Win32
		{1F122755-9AC7-3884-B718-0674F31FAABE}.RelWithDebInfo|Win32.Build.0 = RelWithDebInfo|Win32
		{347E658A-16D3-3C45-BB0D-AFDD9417F50F}.Debug|Win32.ActiveCfg = Debug|Win32
		{347E658A-16D3-3C45-BB0D-AFDD9417F50F}.Debug|Win32.Build.0 = Debug|Win32
		{347E658A-16D3-3C45-BB0D-AFDD9417F50F}.Release|Win32.ActiveCfg = Release|Win32
		{347E658A-16D3-3C45-BB0D-AFDD9417F50F}.Release|Win32.Build.0 = Release|Win32
		{347E658A-16D3-3C45-BB0D-AFDD9417F50F}.MinSizeRel|Win32.ActiveCfg = MinSizeRel|Win32
		{347E658A-16D3-3C45-BB0D-AFDD9417F50F}.MinSizeRel|Win32.Build.0 = MinSizeRel|Win32
		{347E658A-16D3-3C45-BB0D-AFDD9417F50F}.RelWithDebInfo|Win32.ActiveCfg = RelWithDebInfo|Win32
		{347E658A-16D3-3C45-BB0D-AFDD9417F50F}.RelWithDebInfo|Win32.Build.0 = RelWithDebInfo|Win32
		{540204B3-2D77-38A2-A944-CD2512A80206}.Debug|Win32.ActiveCfg = Debug|Win32
		{540204B3-2D77-38A2-A944-CD2512A80206}.Debug|Win32.Build.0 = Debug|Win32
		{540204B3-2D77-38A2-A944-CD2512A80206}.Release|Win32.ActiveCfg = Release|Win32
		{540204B3-2D77-38A2-A944-CD2512A80206}.Release|Win32.Build.0 = Release|Win32
		{540204B3-2D77-38A2-A944-CD2512A80206}.MinSizeRel|Win32.ActiveCfg = MinSizeRel|Win32
		{540204B3-2D77-38A2-A944-CD2512A80206}.MinSizeRel|Win32.Build.0 = MinSizeRel|Win32
		{540204B3-2D77-38A2-A944-CD2512A80206}.RelWithDebInfo|Win32.ActiveCfg = RelWithDebInfo|Win32
		{540204B3-2D77-38A2-A944-CD2512A80206}.RelWithDebInfo|Win32.Build.0 = RelWithDebInfo|Win32
		{92E67B6F-C2A5-39DB-9DF5-479598341827}.Debug|Win32.ActiveCfg = Debug|Win32
		{92E67B6F-C2A5-39DB-9DF5-479598341827}.Debug|Win32.Build.0 = Debug|Win32
		{92E67B6F-C2A5-39DB-9DF5-479598341827}.Release|Win32.ActiveCfg = Release|Win32
		{92E67B6F-C2A5-39DB-9DF5-479598341827}.Release|Win32.Build.0 = Release|Win32
		{92E67B6F-C2A5-39DB-9DF5-479598341827}.MinSizeRel|Win32.ActiveCfg = MinSizeRel|Win32
		{92E67B6F-C2A5-39DB-9DF5-479598341827}.MinSizeRel|Win32.Build.0 = MinSizeRel|Win32
		{92E67B6F-C2A5-39DB-9DF5-479598341827}.RelWithDebInfo|Win32.ActiveCfg = RelWithDebInfo|Win32
		{92E67B6F-C2A5-39DB-9DF5-479598341827}.RelWithDebInfo|Win32.Build.0 = RelWithDebInfo|Win32
		{6C14665C-402F-3328-921D-0C6975D4A976}.Debug|Win32.ActiveCfg = Debug|Win32
		{6C14665C-402F-3328-921D-0C6975D4A976}.Debug|Win32.Build.0 = Debug|Win32
		{6C14665C-402F-3328-921D-0C6975D4A976}.Release|Win32.ActiveCfg = Release|Win32
		{6C14665C-402F-3328-921D-0C6975D4A976}.Release|Win32.Build.0 = Release|Win32
		{6C14665C-402F-3328-921D-0C6975D4A976}.MinSizeRel|Win32.ActiveCfg = MinSizeRel|Win32
		{6C14665C-402F-3328-921D-0C6975D4A976}.MinSizeRel|Win32.Build.0 = MinSizeRel|Win32
		{6C14665C-402F-3328-921D-0C6975D4A976}.RelWithDebInfo|Win32.ActiveCfg = RelWithDebInfo|Win32
		{6C14665C-402F-3328-921D-0C6975D4A976}.RelWithDebInfo|Win32.Build.0 = RelWithDebInfo|Win32
		{8EC394A9-E3F9-3A6F-843F-1E8AD263BA29}.Debug|Win32.ActiveCfg = Debug|Win32
		{8EC394A9-E3F9-3A6F-843F-1E8AD263BA29}.Debug|Win32.Build.0 = Debug|Win32
		{8EC394A9-E3F9-3A6F-843F-1E8AD263BA29}.Release|Win32.ActiveCfg = Release|Win32
		{8EC394A9-E3F9-3A6F-843F-1E8AD263BA29}.Release|Win32.Build.0 = Release|Win32
		{8EC394A9-E3F9-3A6F-843F-1E8AD263BA29}.MinSizeRel|Win32.ActiveCfg = MinSizeRel|Win32
		{8EC394A9-E3F9-3A6F-843F-1E8AD263BA29}.MinSizeRel|Win32.Build.0 = MinSizeRel|Win32
		{8EC394A9-E3F9-3A6F-843F-1E8AD263BA29}.RelWithDebInfo|Win32.ActiveCfg = RelWithDebInfo|Win32
		{8EC394A9-E3F9-3A6F-843F-1E8AD263BA29}.RelWithDebInfo|Win32.Build.0 = RelWithDebInfo|Win32
		{E2E4ED83-607A-3588-A46B-FD5D389329D5}.Debug|Win32.ActiveCfg = Debug|Win32
		{E2E4ED83-607A-3588-A46B-FD5D389329D5}.Release|Win32.ActiveCfg = Release|Win32
		{E2E4ED83-607A-3588-A46B-FD5D389329D5}.MinSizeRel|Win32.ActiveCfg = MinSizeRel|Win32
		{E2E4ED83-607A-3588-A46B-FD5D389329D5}.RelWithDebInfo|Win32.ActiveCfg = RelWithDebInfo|Win32
		{D9AEE14E-9DE9-315D-BECF-E7351B129591}.Debug|Win32.ActiveCfg = Debug|Win32
		{D9AEE14E-9DE9-315D-BECF-E7351B129591}.Debug|Win32.Build.0 = Debug|Win32
		{D9AEE14E-9DE9-315D-BECF-E7351B129591}.Release|Win32.ActiveCfg = Release|Win32
		{D9AEE14E-9DE9-315D-BECF-E7351B129591}.Release|Win32.Build.0 = Release|Win32
		{D9AEE14E-9DE9-315D-BECF-E7351B129591}.MinSizeRel|Win32.ActiveCfg = MinSizeRel|Win32
		{D9AEE14E-9DE9-315D-BECF-E7351B129591}.MinSizeRel|Win32.Build.0 = MinSizeRel|Win32
		{D9AEE14E-9DE9-315D-BECF-E7351B129591}.RelWithDebInfo|Win32.ActiveCfg = RelWithDebInfo|Win32
		{D9AEE14E-9DE9-315D-BECF-E7351B129591}.RelWithDebInfo|Win32.Build.0 = RelWithDebInfo|Win32
		{3C332C43-B69D-3606-B55E-747CF19470FA}.Debug|Win32.ActiveCfg = Debug|Win32
		{3C332C43-B69D-3606-B55E-747CF19470FA}.Debug|Win32.Build.0 = Debug|Win32
		{3C332C43-B69D-3606-B55E-747CF19470FA}.Release|Win32.ActiveCfg = Release|Win32
		{3C332C43-B69D-3606-B55E-747CF19470FA}.Release|Win32.Build.0 = Release|Win32
		{3C332C43-B69D-3606-B55E-747CF19470FA}.MinSizeRel|Win32.ActiveCfg = MinSizeRel|Win32
		{3C332C43-B69D-3606-B55E-747CF19470FA}.MinSizeRel|Win32.Build.0 = MinSizeRel|Win32
		{3C332C43-B69D-3606-B55E-747CF19470FA}.RelWithDebInfo|Win32.ActiveCfg = RelWithDebInfo|Win32
		{3C332C43-B69D-3606-B55E-747CF19470FA}.RelWithDebInfo|Win32.Build.0 = RelWithDebInfo|Win32
		{14BB39DA-E7DE-3813-8D08-8949058AB70E}.Debug|Win32.ActiveCfg = Debug|Win32
		{14BB39DA-E7DE-3813-8D08-8949058AB70E}.Release|Win32.ActiveCfg = Release|Win32
		{14BB39DA-E7DE-3813-8D08-8949058AB70E}.MinSizeRel|Win32.ActiveCfg = MinSizeRel|Win32
		{14BB39DA-E7DE-3813-8D08-8949058AB70E}.RelWithDebInfo|Win32.ActiveCfg = RelWithDebInfo|Win32
		{34D2E6D9-7FD4-3693-A240-A17B45C42FA7}.Debug|Win32.ActiveCfg = Debug|Win32
		{34D2E6D9-7FD4-3693-A240-A17B45C42FA7}.Debug|Win32.Build.0 = Debug|Win32
		{34D2E6D9-7FD4-3693-A240-A17B45C42FA7}.Release|Win32.ActiveCfg = Release|Win32
		{34D2E6D9-7FD4-3693-A240-A17B45C42FA7}.Release|Win32.Build.0 = Release|Win32
		{34D2E6D9-7FD4-3693-A240-A17B45C42FA7}.MinSizeRel|Win32.ActiveCfg = MinSizeRel|Win32
		{34D2E6D9-7FD4-3693-A240-A17B45C42FA7}.MinSizeRel|Win32.Build.0 = MinSizeRel|Win32
		{34D2E6D9-7FD4-3693-A240-A17B45C42FA7}.RelWithDebInfo|Win32.ActiveCfg = RelWithDebInfo|Win32
		{34D2E6D9-7FD4-3693-A240-A17B45C42FA7}.RelWithDebInfo|Win32.Build.0 = RelWithDebInfo|Win32
		{01982553-FF1C-3468-97F9-3CEFCC9AFE86}.Debug|Win32.ActiveCfg = Debug|Win32
		{01982553-FF1C-3468-97F9-3CEFCC9AFE86}.Debug|Win32.Build.0 = Debug|Win32
		{01982553-FF1C-3468-97F9-3CEFCC9AFE86}.Release|Win32.ActiveCfg = Release|Win32
		{01982553-FF1C-3468-97F9-3CEFCC9AFE86}.Release|Win32.Build.0 = Release|Win32
		{01982553-FF1C-3468-97F9-3CEFCC9AFE86}.MinSizeRel|Win32.ActiveCfg = MinSizeRel|Win32
		{01982553-FF1C-3468-97F9-3CEFCC9AFE86}.MinSizeRel|Win32.Build.0 = MinSizeRel|Win32
		{01982553-FF1C-3468-97F9-3CEFCC9AFE86}.RelWithDebInfo|Win32.ActiveCfg = RelWithDebInfo|Win32
		{01982553-FF1C-3468-97F9-3CEFCC9AFE86}.RelWithDebInfo|Win32.Build.0 = RelWithDebInfo|Win32
		{A0A73DE1-34BA-3B93-89CA-E0FB8CE1C9D9}.Debug|Win32.ActiveCfg = Debug|Win32
		{A0A73DE1-34BA-3B93-89CA-E0FB8CE1C9D9}.Debug|Win32.Build.0 = Debug|Win32
		{A0A73DE1-34BA-3B93-89CA-E0FB8CE1C9D9}.Release|Win32.ActiveCfg = Release|Win32
		{A0A73DE1-34BA-3B93-89CA-E0FB8CE1C9D9}.Release|Win32.Build.0 = Release|Win32
		{A0A73DE1-34BA-3B93-89CA-E0FB8CE1C9D9}.MinSizeRel|Win32.ActiveCfg = MinSizeRel|Win32
		{A0A73DE1-34BA-3B93-89CA-E0FB8CE1C9D9}.MinSizeRel|Win32.Build.0 = MinSizeRel|Win32
		{A0A73DE1-34BA-3B93-89CA-E0FB8CE1C9D9}.RelWithDebInfo|Win32.ActiveCfg = RelWithDebInfo|Win32
		{A0A73DE1-34BA-3B93-89CA-E0FB8CE1C9D9}.RelWithDebInfo|Win32.Build.0 = RelWithDebInfo|Win32
		{E9981529-EAEB-3CEE-BC40-3DE4787B6BD6}.Debug|Win32.ActiveCfg = Debug|Win32
		{E9981529-EAEB-3CEE-BC40-3DE4787B6BD6}.Debug|Win32.Build.0 = Debug|Win32
		{E9981529-EAEB-3CEE-BC40-3DE4787B6BD6}.Release|Win32.ActiveCfg = Release|Win32
		{E9981529-EAEB-3CEE-BC40-3DE4787B6BD6}.Release|Win32.Build.0 = Release|Win32
		{E9981529-EAEB-3CEE-BC40-3DE4787B6BD6}.MinSizeRel|Win32.ActiveCfg = MinSizeRel|Win32
		{E9981529-EAEB-3CEE-BC40-3DE4787B6BD6}.MinSizeRel|Win32.Build.0 = MinSizeRel|Win32
		{E9981529-EAEB-3CEE-BC40-3DE4787B6BD6}.RelWithDebInfo|Win32.ActiveCfg = RelWithDebInfo|Win32
		{E9981529-EAEB-3CEE-BC40-3DE4787B6BD6}.RelWithDebInfo|Win32.Build.0 = RelWithDebInfo|Win32
		{36C44981-3BB2-3D73-BB21-C920C9777BE1}.Debug|Win32.ActiveCfg = Debug|Win32
		{36C44981-3BB2-3D73-BB21-C920C9777BE1}.Debug|Win32.Build.0 = Debug|Win32
		{36C44981-3BB2-3D73-BB21-C920C9777BE1}.Release|Win32.ActiveCfg = Release|Win32
		{36C44981-3BB2-3D73-BB21-C920C9777BE1}.Release|Win32.Build.0 = Release|Win32
		{36C44981-3BB2-3D73-BB21-C920C9777BE1}.MinSizeRel|Win32.ActiveCfg = MinSizeRel|Win32
		{36C44981-3BB2-3D73-BB21-C920C9777BE1}.MinSizeRel|Win32.Build.0 = MinSizeRel|Win32
		{36C44981-3BB2-3D73-BB21-C920C9777BE1}.RelWithDebInfo|Win32.ActiveCfg = RelWithDebInfo|Win32
		{36C44981-3BB2-3D73-BB21-C920C9777BE1}.RelWithDebInfo|Win32.Build.0 = RelWithDebInfo|Win32
		{FA4F3B1D-4AEC-32A5-AE12-4BE7FF8289DC}.Debug|Win32.ActiveCfg = Debug|Win32
		{FA4F3B1D-4AEC-32A5-AE12-4BE7FF8289DC}.Debug|Win32.Build.0 = Debug|Win32
		{FA4F3B1D-4AEC-32A5-AE12-4BE7FF8289DC}.Release|Win32.ActiveCfg = Release|Win32
		{FA4F3B1D-4AEC-32A5-AE12-4BE7FF8289DC}.Release|Win32.Build.0 = Release|Win32
		{FA4F3B1D-4AEC-32A5-AE12-4BE7FF8289DC}.MinSizeRel|Win32.ActiveCfg = MinSizeRel|Win32
		{FA4F3B1D-4AEC-32A5-AE12-4BE7FF8289DC}.MinSizeRel|Win32.Build.0 = MinSizeRel|Win32
		{FA4F3B1D-4AEC-32A5-AE12-4BE7FF8289DC}.RelWithDebInfo|Win32.ActiveCfg = RelWithDebInfo|Win32
		{FA4F3B1D-4AEC-32A5-AE12-4BE7FF8289DC}.RelWithDebInfo|Win32.Build.0 = RelWithDebInfo|Win32
		{31211178-F1CE-3FFE-9C4F-907D6BD71799}.Debug|Win32.ActiveCfg = Debug|Win32
		{31211178-F1CE-3FFE-9C4F-907D6BD71799}.Debug|Win32.Build.0 = Debug|Win32
		{31211178-F1CE-3FFE-9C4F-907D6BD71799}.Release|Win32.ActiveCfg = Release|Win32
		{31211178-F1CE-3FFE-9C4F-907D6BD71799}.Release|Win32.Build.0 = Release|Win32
		{31211178-F1CE-3FFE-9C4F-907D6BD71799}.MinSizeRel|Win32.ActiveCfg = MinSizeRel|Win32
		{31211178-F1CE-3FFE-9C4F-907D6BD71799}.MinSizeRel|Win32.Build.0 = MinSizeRel|Win32
		{31211178-F1CE-3FFE-9C4F-907D6BD71799}.RelWithDebInfo|Win32.ActiveCfg = RelWithDebInfo|Win32
		{31211178-F1CE-3FFE-9C4F-907D6BD71799}.RelWithDebInfo|Win32.Build.0 = RelWithDebInfo|Win32
		{ED6A36AC-9CA0-3E28-99A6-22AECA1CC061}.Debug|Win32.ActiveCfg = Debug|Win32
		{ED6A36AC-9CA0-3E28-99A6-22AECA1CC061}.Debug|Win32.Build.0 = Debug|Win32
		{ED6A36AC-9CA0-3E28-99A6-22AECA1CC061}.Release|Win32.ActiveCfg = Release|Win32
		{ED6A36AC-9CA0-3E28-99A6-22AECA1CC061}.Release|Win32.Build.0 = Release|Win32
		{ED6A36AC-9CA0-3E28-99A6-22AECA1CC061}.MinSizeRel|Win32.ActiveCfg = MinSizeRel|Win32
		{ED6A36AC-9CA0-3E28-99A6-22AECA1CC061}.MinSizeRel|Win32.Build.0 = MinSizeRel|Win32
		{ED6A36AC-9CA0-3E28-99A6-22AECA1CC061}.RelWithDebInfo|Win32.ActiveCfg = RelWithDebInfo|Win32
		{ED6A36AC-9CA0-3E28-99A6-22AECA1CC061}.RelWithDebInfo|Win32.Build.0 = RelWithDebInfo|Win32
		{0C59F8D5-8F8F-38A7-827B-5AA3789240E4}.Debug|Win32.ActiveCfg = Debug|Win32
		{0C59F8D5-8F8F-38A7-827B-5AA3789240E4}.Debug|Win32.Build.0 = Debug|Win32
		{0C59F8D5-8F8F-38A7-827B-5AA3789240E4}.Release|Win32.ActiveCfg = Release|Win32
		{0C59F8D5-8F8F-38A7-827B-5AA3789240E4}.Release|Win32.Build.0 = Release|Win32
		{0C59F8D5-8F8F-38A7-827B-5AA3789240E4}.MinSizeRel|Win32.ActiveCfg = MinSizeRel|Win32
		{0C59F8D5-8F8F-38A7-827B-5AA3789240E4}.MinSizeRel|Win32.Build.0 = MinSizeRel|Win32
		{0C59F8D5-8F8F-38A7-827B-5AA3789240E4}.RelWithDebInfo|Win32.ActiveCfg = RelWithDebInfo|Win32
		{0C59F8D5-8F8F-38A7-827B-5AA3789240E4}.RelWithDebInfo|Win32.Build.0 = RelWithDebInfo|Win32
		{8A28DAD8-BAC4-3C29-B410-CB8131DB6994}.Debug|Win32.ActiveCfg = Debug|Win32
		{8A28DAD8-BAC4-3C29-B410-CB8131DB6994}.Debug|Win32.Build.0 = Debug|Win32
		{8A28DAD8-BAC4-3C29-B410-CB8131DB6994}.Release|Win32.ActiveCfg = Release|Win32
		{8A28DAD8-BAC4-3C29-B410-CB8131DB6994}.Release|Win32.Build.0 = Release|Win32
		{8A28DAD8-BAC4-3C29-B410-CB8131DB6994}.MinSizeRel|Win32.ActiveCfg = MinSizeRel|Win32
		{8A28DAD8-BAC4-3C29-B410-CB8131DB6994}.MinSizeRel|Win32.Build.0 = MinSizeRel|Win32
		{8A28DAD8-BAC4-3C29-B410-CB8131DB6994}.RelWithDebInfo|Win32.ActiveCfg = RelWithDebInfo|Win32
		{8A28DAD8-BAC4-3C29-B410-CB8131DB6994}.RelWithDebInfo|Win32.Build.0 = RelWithDebInfo|Win32
		{7F2F0207-6B68-36A3-BC31-C70899FD5A89}.Debug|Win32.ActiveCfg = Debug|Win32
		{7F2F0207-6B68-36A3-BC31-C70899FD5A89}.Debug|Win32.Build.0 = Debug|Win32
		{7F2F0207-6B68-36A3-BC31-C70899FD5A89}.Release|Win32.ActiveCfg = Release|Win32
		{7F2F0207-6B68-36A3-BC31-C70899FD5A89}.Release|Win32.Build.0 = Release|Win32
		{7F2F0207-6B68-36A3-BC31-C70899FD5A89}.MinSizeRel|Win32.ActiveCfg = MinSizeRel|Win32
		{7F2F0207-6B68-36A3-BC31-C70899FD5A89}.MinSizeRel|Win32.Build.0 = MinSizeRel|Win32
		{7F2F0207-6B68-36A3-BC31-C70899FD5A89}.RelWithDebInfo|Win32.ActiveCfg = RelWithDebInfo|Win32
		{7F2F0207-6B68-36A3-BC31-C70899FD5A89}.RelWithDebInfo|Win32.Build.0 = RelWithDebInfo|Win32
	EndGlobalSection
	GlobalSection(ExtensibilityGlobals) = postSolution
		SolutionGuid = {E631F01A-678D-3BEB-8475-D6CC02507BDA}
	EndGlobalSection
	GlobalSection(ExtensibilityAddIns) = postSolution
	EndGlobalSection
EndGlobal
