<?xml version="1.0" encoding="utf-8"?>
<Project ToolsVersion="15.0" xmlns="http://schemas.microsoft.com/developer/msbuild/2003">
  <ItemGroup>
    <ClCompile Include="C:\Users\Hayden\Desktop\bullet3\bullet3-master\examples\HelloWorld\HelloWorld.cpp">
      <Filter>Source Files</Filter>
    </ClCompile>
  </ItemGroup>
  <ItemGroup>
    <CustomBuild Include="C:\Users\Hayden\Desktop\bullet3\bullet3-master\examples\HelloWorld\CMakeLists.txt" />
  </ItemGroup>
  <ItemGroup>
    <ResourceCompile Include="C:\Users\Hayden\Desktop\bullet3\bullet3-master\build3\bullet.rc">
      <Filter>Source Files</Filter>
    </ResourceCompile>
  </ItemGroup>
  <ItemGroup>
    <Filter Include="Source Files">
      <UniqueIdentifier>{33A863CA-140D-3B8E-A3F5-66F049D50F69}</UniqueIdentifier>
    </Filter>
  </ItemGroup>
</Project>
